// !$*UTF8*$!
{
	archiveVersion = 1;
	classes = {
	};
	objectVersion = 50;
	objects = {

/* Begin PBXBuildFile section */
		5019069325D8913E002D55F1 /* AppDelegate.swift in Sources */ = {isa = PBXBuildFile; fileRef = 5019069225D8913E002D55F1 /* AppDelegate.swift */; };
		5019069C25D89140002D55F1 /* Assets.xcassets in Resources */ = {isa = PBXBuildFile; fileRef = 5019069B25D89140002D55F1 /* Assets.xcassets */; };
		5019069F25D89140002D55F1 /* LaunchScreen.storyboard in Resources */ = {isa = PBXBuildFile; fileRef = 5019069D25D89140002D55F1 /* LaunchScreen.storyboard */; };
		501F73F225DAB4CA00333F16 /* UserDefaults.swift in Sources */ = {isa = PBXBuildFile; fileRef = 501F73F125DAB4CA00333F16 /* UserDefaults.swift */; };
		501F73FD25DAB54300333F16 /* UIView+Gradient.swift in Sources */ = {isa = PBXBuildFile; fileRef = 501F73F625DAB54300333F16 /* UIView+Gradient.swift */; };
		501F73FE25DAB54300333F16 /* UIView+FromNib.swift in Sources */ = {isa = PBXBuildFile; fileRef = 501F73F725DAB54300333F16 /* UIView+FromNib.swift */; };
		501F73FF25DAB54300333F16 /* UIView+RoundCorners.swift in Sources */ = {isa = PBXBuildFile; fileRef = 501F73F825DAB54300333F16 /* UIView+RoundCorners.swift */; };
		501F740025DAB54300333F16 /* UIView+InterfaceLayoutDirection.swift in Sources */ = {isa = PBXBuildFile; fileRef = 501F73F925DAB54300333F16 /* UIView+InterfaceLayoutDirection.swift */; };
		501F740125DAB54300333F16 /* UIView+Shadow.swift in Sources */ = {isa = PBXBuildFile; fileRef = 501F73FA25DAB54300333F16 /* UIView+Shadow.swift */; };
		501F740225DAB54300333F16 /* UIView+IBInspectable.swift in Sources */ = {isa = PBXBuildFile; fileRef = 501F73FB25DAB54300333F16 /* UIView+IBInspectable.swift */; };
		501F740B25DAB59200333F16 /* UIViewController+Present.swift in Sources */ = {isa = PBXBuildFile; fileRef = 501F740725DAB59200333F16 /* UIViewController+Present.swift */; };
		501F740C25DAB59200333F16 /* UIViewController+Keyboard.swift in Sources */ = {isa = PBXBuildFile; fileRef = 501F740825DAB59200333F16 /* UIViewController+Keyboard.swift */; };
		501F740D25DAB59200333F16 /* UIViewController+Alert.swift in Sources */ = {isa = PBXBuildFile; fileRef = 501F740925DAB59200333F16 /* UIViewController+Alert.swift */; };
		501F741225DAB5DB00333F16 /* UILabel+LineSpacing.swift in Sources */ = {isa = PBXBuildFile; fileRef = 501F741125DAB5DB00333F16 /* UILabel+LineSpacing.swift */; };
		503DFC5825DB1F990093CAF2 /* HomeHeaderViewCell.swift in Sources */ = {isa = PBXBuildFile; fileRef = 503DFC5625DB1F990093CAF2 /* HomeHeaderViewCell.swift */; };
		503DFC5925DB1F990093CAF2 /* HomeHeaderViewCell.xib in Resources */ = {isa = PBXBuildFile; fileRef = 503DFC5725DB1F990093CAF2 /* HomeHeaderViewCell.xib */; };
		503F7A1825DAA69F00EBD730 /* HomeViewController.swift in Sources */ = {isa = PBXBuildFile; fileRef = 503F7A1625DAA69F00EBD730 /* HomeViewController.swift */; };
		503F7A1925DAA69F00EBD730 /* HomeViewController.xib in Resources */ = {isa = PBXBuildFile; fileRef = 503F7A1725DAA69F00EBD730 /* HomeViewController.xib */; };
		503F7A1F25DAAFD400EBD730 /* HomeImages.swift in Sources */ = {isa = PBXBuildFile; fileRef = 503F7A1E25DAAFD400EBD730 /* HomeImages.swift */; };
		503F7A2425DAB05000EBD730 /* HomeLocalizer.swift in Sources */ = {isa = PBXBuildFile; fileRef = 503F7A2325DAB05000EBD730 /* HomeLocalizer.swift */; };
		5072D39925DAD2D8005363CB /* HomeHeaderView.swift in Sources */ = {isa = PBXBuildFile; fileRef = 5072D39725DAD2D8005363CB /* HomeHeaderView.swift */; };
		5072D39A25DAD2D8005363CB /* HomeHeaderView.xib in Resources */ = {isa = PBXBuildFile; fileRef = 5072D39825DAD2D8005363CB /* HomeHeaderView.xib */; };
		5072D39E25DAD485005363CB /* HomePresenter.swift in Sources */ = {isa = PBXBuildFile; fileRef = 5072D39D25DAD485005363CB /* HomePresenter.swift */; };
		5072D3A225DAD4B7005363CB /* HomeProtocols.swift in Sources */ = {isa = PBXBuildFile; fileRef = 5072D3A125DAD4B7005363CB /* HomeProtocols.swift */; };
		50A77D3125D9EA550054E80D /* TabBarViewController.swift in Sources */ = {isa = PBXBuildFile; fileRef = 50A77D2F25D9EA550054E80D /* TabBarViewController.swift */; };
		50A77D3225D9EA550054E80D /* TabBarViewController.xib in Resources */ = {isa = PBXBuildFile; fileRef = 50A77D3025D9EA550054E80D /* TabBarViewController.xib */; };
		50A77D3925D9EEE10054E80D /* TSRotger-Light.ttf in Resources */ = {isa = PBXBuildFile; fileRef = 50A77D3525D9EEE00054E80D /* TSRotger-Light.ttf */; };
		50A77D3A25D9EEE10054E80D /* TSRotger-Regular.ttf in Resources */ = {isa = PBXBuildFile; fileRef = 50A77D3625D9EEE10054E80D /* TSRotger-Regular.ttf */; };
		50A77D3B25D9EEE10054E80D /* TSRotger-Black.ttf in Resources */ = {isa = PBXBuildFile; fileRef = 50A77D3725D9EEE10054E80D /* TSRotger-Black.ttf */; };
		50A77D3C25D9EEE10054E80D /* TSRotger-Bold.ttf in Resources */ = {isa = PBXBuildFile; fileRef = 50A77D3825D9EEE10054E80D /* TSRotger-Bold.ttf */; };
		50A77D4025D9F2640054E80D /* TabBarLoclizer.swift in Sources */ = {isa = PBXBuildFile; fileRef = 50A77D3F25D9F2640054E80D /* TabBarLoclizer.swift */; };
		50A77D4525D9F2A10054E80D /* String.swift in Sources */ = {isa = PBXBuildFile; fileRef = 50A77D4425D9F2A10054E80D /* String.swift */; };
		50E3014925D8A031008271B6 /* Localizable.strings in Resources */ = {isa = PBXBuildFile; fileRef = 50E3014B25D8A031008271B6 /* Localizable.strings */; };
		50E3015325D8A093008271B6 /* LoginViewController.swift in Sources */ = {isa = PBXBuildFile; fileRef = 50E3015125D8A093008271B6 /* LoginViewController.swift */; };
		50E3015425D8A093008271B6 /* LoginViewController.xib in Resources */ = {isa = PBXBuildFile; fileRef = 50E3015225D8A093008271B6 /* LoginViewController.xib */; };
		50E3015B25D8A33E008271B6 /* LocalizerService.swift in Sources */ = {isa = PBXBuildFile; fileRef = 50E3015825D8A33E008271B6 /* LocalizerService.swift */; };
		50E3015C25D8A33E008271B6 /* Language.swift in Sources */ = {isa = PBXBuildFile; fileRef = 50E3015925D8A33E008271B6 /* Language.swift */; };
		50E3015D25D8A33E008271B6 /* LanguageManager.swift in Sources */ = {isa = PBXBuildFile; fileRef = 50E3015A25D8A33E008271B6 /* LanguageManager.swift */; };
		50F0F30B25D9FA5E00F0517E /* UIColors.swift in Sources */ = {isa = PBXBuildFile; fileRef = 50F0F30A25D9FA5E00F0517E /* UIColors.swift */; };
		50F0F35C25DA04F400F0517E /* UIFont.swift in Sources */ = {isa = PBXBuildFile; fileRef = 50F0F35B25DA04F400F0517E /* UIFont.swift */; };
		65E47962DF2E6F139812F4D2 /* Pods_LadyBug.framework in Frameworks */ = {isa = PBXBuildFile; fileRef = E91CF55B22029C4B2363CECE /* Pods_LadyBug.framework */; };
/* End PBXBuildFile section */

/* Begin PBXFileReference section */
		18D5F9EFE1E8196E8B75D545 /* Pods-LadyBug.debug.xcconfig */ = {isa = PBXFileReference; includeInIndex = 1; lastKnownFileType = text.xcconfig; name = "Pods-LadyBug.debug.xcconfig"; path = "Target Support Files/Pods-LadyBug/Pods-LadyBug.debug.xcconfig"; sourceTree = "<group>"; };
		5019068F25D8913E002D55F1 /* LadyBug.app */ = {isa = PBXFileReference; explicitFileType = wrapper.application; includeInIndex = 0; path = LadyBug.app; sourceTree = BUILT_PRODUCTS_DIR; };
		5019069225D8913E002D55F1 /* AppDelegate.swift */ = {isa = PBXFileReference; lastKnownFileType = sourcecode.swift; path = AppDelegate.swift; sourceTree = "<group>"; };
		5019069B25D89140002D55F1 /* Assets.xcassets */ = {isa = PBXFileReference; lastKnownFileType = folder.assetcatalog; path = Assets.xcassets; sourceTree = "<group>"; };
		5019069E25D89140002D55F1 /* Base */ = {isa = PBXFileReference; lastKnownFileType = file.storyboard; name = Base; path = Base.lproj/LaunchScreen.storyboard; sourceTree = "<group>"; };
		501906A025D89140002D55F1 /* Info.plist */ = {isa = PBXFileReference; lastKnownFileType = text.plist.xml; path = Info.plist; sourceTree = "<group>"; };
		501F73F125DAB4CA00333F16 /* UserDefaults.swift */ = {isa = PBXFileReference; fileEncoding = 4; lastKnownFileType = sourcecode.swift; path = UserDefaults.swift; sourceTree = "<group>"; };
		501F73F625DAB54300333F16 /* UIView+Gradient.swift */ = {isa = PBXFileReference; fileEncoding = 4; lastKnownFileType = sourcecode.swift; path = "UIView+Gradient.swift"; sourceTree = "<group>"; };
		501F73F725DAB54300333F16 /* UIView+FromNib.swift */ = {isa = PBXFileReference; fileEncoding = 4; lastKnownFileType = sourcecode.swift; path = "UIView+FromNib.swift"; sourceTree = "<group>"; };
		501F73F825DAB54300333F16 /* UIView+RoundCorners.swift */ = {isa = PBXFileReference; fileEncoding = 4; lastKnownFileType = sourcecode.swift; path = "UIView+RoundCorners.swift"; sourceTree = "<group>"; };
		501F73F925DAB54300333F16 /* UIView+InterfaceLayoutDirection.swift */ = {isa = PBXFileReference; fileEncoding = 4; lastKnownFileType = sourcecode.swift; path = "UIView+InterfaceLayoutDirection.swift"; sourceTree = "<group>"; };
		501F73FA25DAB54300333F16 /* UIView+Shadow.swift */ = {isa = PBXFileReference; fileEncoding = 4; lastKnownFileType = sourcecode.swift; path = "UIView+Shadow.swift"; sourceTree = "<group>"; };
		501F73FB25DAB54300333F16 /* UIView+IBInspectable.swift */ = {isa = PBXFileReference; fileEncoding = 4; lastKnownFileType = sourcecode.swift; path = "UIView+IBInspectable.swift"; sourceTree = "<group>"; };
		501F740725DAB59200333F16 /* UIViewController+Present.swift */ = {isa = PBXFileReference; fileEncoding = 4; lastKnownFileType = sourcecode.swift; path = "UIViewController+Present.swift"; sourceTree = "<group>"; };
		501F740825DAB59200333F16 /* UIViewController+Keyboard.swift */ = {isa = PBXFileReference; fileEncoding = 4; lastKnownFileType = sourcecode.swift; path = "UIViewController+Keyboard.swift"; sourceTree = "<group>"; };
		501F740925DAB59200333F16 /* UIViewController+Alert.swift */ = {isa = PBXFileReference; fileEncoding = 4; lastKnownFileType = sourcecode.swift; path = "UIViewController+Alert.swift"; sourceTree = "<group>"; };
		501F741125DAB5DB00333F16 /* UILabel+LineSpacing.swift */ = {isa = PBXFileReference; fileEncoding = 4; lastKnownFileType = sourcecode.swift; path = "UILabel+LineSpacing.swift"; sourceTree = "<group>"; };
		503DFC5625DB1F990093CAF2 /* HomeHeaderViewCell.swift */ = {isa = PBXFileReference; lastKnownFileType = sourcecode.swift; path = HomeHeaderViewCell.swift; sourceTree = "<group>"; };
		503DFC5725DB1F990093CAF2 /* HomeHeaderViewCell.xib */ = {isa = PBXFileReference; lastKnownFileType = file.xib; path = HomeHeaderViewCell.xib; sourceTree = "<group>"; };
		503F7A1625DAA69F00EBD730 /* HomeViewController.swift */ = {isa = PBXFileReference; lastKnownFileType = sourcecode.swift; path = HomeViewController.swift; sourceTree = "<group>"; };
		503F7A1725DAA69F00EBD730 /* HomeViewController.xib */ = {isa = PBXFileReference; lastKnownFileType = file.xib; path = HomeViewController.xib; sourceTree = "<group>"; };
		503F7A1E25DAAFD400EBD730 /* HomeImages.swift */ = {isa = PBXFileReference; lastKnownFileType = sourcecode.swift; path = HomeImages.swift; sourceTree = "<group>"; };
		503F7A2325DAB05000EBD730 /* HomeLocalizer.swift */ = {isa = PBXFileReference; lastKnownFileType = sourcecode.swift; path = HomeLocalizer.swift; sourceTree = "<group>"; };
		5072D39725DAD2D8005363CB /* HomeHeaderView.swift */ = {isa = PBXFileReference; lastKnownFileType = sourcecode.swift; path = HomeHeaderView.swift; sourceTree = "<group>"; };
		5072D39825DAD2D8005363CB /* HomeHeaderView.xib */ = {isa = PBXFileReference; lastKnownFileType = file.xib; path = HomeHeaderView.xib; sourceTree = "<group>"; };
		5072D39D25DAD485005363CB /* HomePresenter.swift */ = {isa = PBXFileReference; lastKnownFileType = sourcecode.swift; path = HomePresenter.swift; sourceTree = "<group>"; };
		5072D3A125DAD4B7005363CB /* HomeProtocols.swift */ = {isa = PBXFileReference; lastKnownFileType = sourcecode.swift; path = HomeProtocols.swift; sourceTree = "<group>"; };
		50A77D2F25D9EA550054E80D /* TabBarViewController.swift */ = {isa = PBXFileReference; lastKnownFileType = sourcecode.swift; path = TabBarViewController.swift; sourceTree = "<group>"; };
		50A77D3025D9EA550054E80D /* TabBarViewController.xib */ = {isa = PBXFileReference; lastKnownFileType = file.xib; path = TabBarViewController.xib; sourceTree = "<group>"; };
		50A77D3525D9EEE00054E80D /* TSRotger-Light.ttf */ = {isa = PBXFileReference; lastKnownFileType = file; path = "TSRotger-Light.ttf"; sourceTree = "<group>"; };
		50A77D3625D9EEE10054E80D /* TSRotger-Regular.ttf */ = {isa = PBXFileReference; lastKnownFileType = file; path = "TSRotger-Regular.ttf"; sourceTree = "<group>"; };
		50A77D3725D9EEE10054E80D /* TSRotger-Black.ttf */ = {isa = PBXFileReference; lastKnownFileType = file; path = "TSRotger-Black.ttf"; sourceTree = "<group>"; };
		50A77D3825D9EEE10054E80D /* TSRotger-Bold.ttf */ = {isa = PBXFileReference; lastKnownFileType = file; path = "TSRotger-Bold.ttf"; sourceTree = "<group>"; };
		50A77D3F25D9F2640054E80D /* TabBarLoclizer.swift */ = {isa = PBXFileReference; lastKnownFileType = sourcecode.swift; path = TabBarLoclizer.swift; sourceTree = "<group>"; };
		50A77D4425D9F2A10054E80D /* String.swift */ = {isa = PBXFileReference; lastKnownFileType = sourcecode.swift; path = String.swift; sourceTree = "<group>"; };
		50E3014A25D8A031008271B6 /* en */ = {isa = PBXFileReference; lastKnownFileType = text.plist.strings; name = en; path = en.lproj/Localizable.strings; sourceTree = "<group>"; };
		50E3014D25D8A035008271B6 /* ar */ = {isa = PBXFileReference; lastKnownFileType = text.plist.strings; name = ar; path = ar.lproj/Localizable.strings; sourceTree = "<group>"; };
		50E3015125D8A093008271B6 /* LoginViewController.swift */ = {isa = PBXFileReference; lastKnownFileType = sourcecode.swift; path = LoginViewController.swift; sourceTree = "<group>"; };
		50E3015225D8A093008271B6 /* LoginViewController.xib */ = {isa = PBXFileReference; lastKnownFileType = file.xib; path = LoginViewController.xib; sourceTree = "<group>"; };
		50E3015825D8A33E008271B6 /* LocalizerService.swift */ = {isa = PBXFileReference; fileEncoding = 4; lastKnownFileType = sourcecode.swift; path = LocalizerService.swift; sourceTree = "<group>"; };
		50E3015925D8A33E008271B6 /* Language.swift */ = {isa = PBXFileReference; fileEncoding = 4; lastKnownFileType = sourcecode.swift; path = Language.swift; sourceTree = "<group>"; };
		50E3015A25D8A33E008271B6 /* LanguageManager.swift */ = {isa = PBXFileReference; fileEncoding = 4; lastKnownFileType = sourcecode.swift; path = LanguageManager.swift; sourceTree = "<group>"; };
		50F0F30A25D9FA5E00F0517E /* UIColors.swift */ = {isa = PBXFileReference; lastKnownFileType = sourcecode.swift; path = UIColors.swift; sourceTree = "<group>"; };
		50F0F35B25DA04F400F0517E /* UIFont.swift */ = {isa = PBXFileReference; fileEncoding = 4; lastKnownFileType = sourcecode.swift; path = UIFont.swift; sourceTree = "<group>"; };
		E91CF55B22029C4B2363CECE /* Pods_LadyBug.framework */ = {isa = PBXFileReference; explicitFileType = wrapper.framework; includeInIndex = 0; path = Pods_LadyBug.framework; sourceTree = BUILT_PRODUCTS_DIR; };
		F24B7BEE370B48BED12C3B59 /* Pods-LadyBug.release.xcconfig */ = {isa = PBXFileReference; includeInIndex = 1; lastKnownFileType = text.xcconfig; name = "Pods-LadyBug.release.xcconfig"; path = "Target Support Files/Pods-LadyBug/Pods-LadyBug.release.xcconfig"; sourceTree = "<group>"; };
/* End PBXFileReference section */

/* Begin PBXFrameworksBuildPhase section */
		5019068C25D8913E002D55F1 /* Frameworks */ = {
			isa = PBXFrameworksBuildPhase;
			buildActionMask = 2147483647;
			files = (
				65E47962DF2E6F139812F4D2 /* Pods_LadyBug.framework in Frameworks */,
			);
			runOnlyForDeploymentPostprocessing = 0;
		};
/* End PBXFrameworksBuildPhase section */

/* Begin PBXGroup section */
		5019068625D8913E002D55F1 = {
			isa = PBXGroup;
			children = (
				5019069125D8913E002D55F1 /* LadyBug */,
				5019069025D8913E002D55F1 /* Products */,
				58FA8C7A3D95FA81869A2CF0 /* Pods */,
				BF55E03A16A081008C6E96B0 /* Frameworks */,
			);
			sourceTree = "<group>";
		};
		5019069025D8913E002D55F1 /* Products */ = {
			isa = PBXGroup;
			children = (
				5019068F25D8913E002D55F1 /* LadyBug.app */,
			);
			name = Products;
			sourceTree = "<group>";
		};
		5019069125D8913E002D55F1 /* LadyBug */ = {
			isa = PBXGroup;
			children = (
				50E3015725D8A31D008271B6 /* Core */,
				50E3012525D899CA008271B6 /* Configurations */,
				50E3012125D89968008271B6 /* Resources */,
				50E3011F25D89950008271B6 /* Modules */,
			);
			path = LadyBug;
			sourceTree = "<group>";
		};
		501F73D225DAB3BF00333F16 /* View */ = {
			isa = PBXGroup;
			children = (
				501F73D425DAB41A00333F16 /* SubViews */,
				503F7A1525DAA68200EBD730 /* ViewController */,
			);
			path = View;
			sourceTree = "<group>";
		};
		501F73D425DAB41A00333F16 /* SubViews */ = {
			isa = PBXGroup;
			children = (
				503DFC5325DB1F5F0093CAF2 /* Cells */,
				5072D39625DAD2B9005363CB /* HeaderView */,
			);
			path = SubViews;
			sourceTree = "<group>";
		};
		501F73F025DAB4CA00333F16 /* UserDefaults */ = {
			isa = PBXGroup;
			children = (
				501F73F125DAB4CA00333F16 /* UserDefaults.swift */,
			);
			path = UserDefaults;
			sourceTree = "<group>";
		};
		501F73F425DAB54300333F16 /* UIView */ = {
			isa = PBXGroup;
			children = (
				501F73F625DAB54300333F16 /* UIView+Gradient.swift */,
				501F73F725DAB54300333F16 /* UIView+FromNib.swift */,
				501F73F825DAB54300333F16 /* UIView+RoundCorners.swift */,
				501F73F925DAB54300333F16 /* UIView+InterfaceLayoutDirection.swift */,
				501F73FA25DAB54300333F16 /* UIView+Shadow.swift */,
				501F73FB25DAB54300333F16 /* UIView+IBInspectable.swift */,
			);
			path = UIView;
			sourceTree = "<group>";
		};
		501F740525DAB59200333F16 /* UIViewController */ = {
			isa = PBXGroup;
			children = (
				501F740725DAB59200333F16 /* UIViewController+Present.swift */,
				501F740825DAB59200333F16 /* UIViewController+Keyboard.swift */,
				501F740925DAB59200333F16 /* UIViewController+Alert.swift */,
			);
			path = UIViewController;
			sourceTree = "<group>";
		};
		501F741025DAB5DB00333F16 /* UILabel */ = {
			isa = PBXGroup;
			children = (
				501F741125DAB5DB00333F16 /* UILabel+LineSpacing.swift */,
			);
			path = UILabel;
			sourceTree = "<group>";
		};
		503DFC5325DB1F5F0093CAF2 /* Cells */ = {
			isa = PBXGroup;
			children = (
				503DFC5525DB1F790093CAF2 /* HomeHeaderViewCell */,
			);
			path = Cells;
			sourceTree = "<group>";
		};
		503DFC5525DB1F790093CAF2 /* HomeHeaderViewCell */ = {
			isa = PBXGroup;
			children = (
				503DFC5625DB1F990093CAF2 /* HomeHeaderViewCell.swift */,
				503DFC5725DB1F990093CAF2 /* HomeHeaderViewCell.xib */,
			);
			path = HomeHeaderViewCell;
			sourceTree = "<group>";
		};
		503F7A1325DAA63100EBD730 /* Home Module */ = {
			isa = PBXGroup;
			children = (
				5072D3A025DAD4A7005363CB /* Protocols */,
				5072D39C25DAD46D005363CB /* Presenter */,
				503F7A1C25DAAFBA00EBD730 /* Resources */,
				501F73D225DAB3BF00333F16 /* View */,
			);
			path = "Home Module";
			sourceTree = "<group>";
		};
		503F7A1525DAA68200EBD730 /* ViewController */ = {
			isa = PBXGroup;
			children = (
				503F7A1625DAA69F00EBD730 /* HomeViewController.swift */,
				503F7A1725DAA69F00EBD730 /* HomeViewController.xib */,
			);
			path = ViewController;
			sourceTree = "<group>";
		};
		503F7A1C25DAAFBA00EBD730 /* Resources */ = {
			isa = PBXGroup;
			children = (
				503F7A2225DAB03F00EBD730 /* Localizer */,
				503F7A1D25DAAFC200EBD730 /* Images */,
			);
			path = Resources;
			sourceTree = "<group>";
		};
		503F7A1D25DAAFC200EBD730 /* Images */ = {
			isa = PBXGroup;
			children = (
				503F7A1E25DAAFD400EBD730 /* HomeImages.swift */,
			);
			path = Images;
			sourceTree = "<group>";
		};
		503F7A2225DAB03F00EBD730 /* Localizer */ = {
			isa = PBXGroup;
			children = (
				503F7A2325DAB05000EBD730 /* HomeLocalizer.swift */,
			);
			path = Localizer;
			sourceTree = "<group>";
		};
		5072D39625DAD2B9005363CB /* HeaderView */ = {
			isa = PBXGroup;
			children = (
				5072D39725DAD2D8005363CB /* HomeHeaderView.swift */,
				5072D39825DAD2D8005363CB /* HomeHeaderView.xib */,
			);
			path = HeaderView;
			sourceTree = "<group>";
		};
		5072D39C25DAD46D005363CB /* Presenter */ = {
			isa = PBXGroup;
			children = (
				5072D39D25DAD485005363CB /* HomePresenter.swift */,
			);
			path = Presenter;
			sourceTree = "<group>";
		};
		5072D3A025DAD4A7005363CB /* Protocols */ = {
			isa = PBXGroup;
			children = (
				5072D3A125DAD4B7005363CB /* HomeProtocols.swift */,
			);
			path = Protocols;
			sourceTree = "<group>";
		};
		50A77D2D25D9E9100054E80D /* TabBar Module */ = {
			isa = PBXGroup;
			children = (
				50A77D3E25D9F2500054E80D /* Localizer */,
				50A77D2E25D9EA120054E80D /* ViewController */,
			);
			path = "TabBar Module";
			sourceTree = "<group>";
		};
		50A77D2E25D9EA120054E80D /* ViewController */ = {
			isa = PBXGroup;
			children = (
				50A77D2F25D9EA550054E80D /* TabBarViewController.swift */,
				50A77D3025D9EA550054E80D /* TabBarViewController.xib */,
			);
			path = ViewController;
			sourceTree = "<group>";
		};
		50A77D3425D9EED00054E80D /* Fonts */ = {
			isa = PBXGroup;
			children = (
				50A77D3725D9EEE10054E80D /* TSRotger-Black.ttf */,
				50A77D3825D9EEE10054E80D /* TSRotger-Bold.ttf */,
				50A77D3525D9EEE00054E80D /* TSRotger-Light.ttf */,
				50A77D3625D9EEE10054E80D /* TSRotger-Regular.ttf */,
			);
			path = Fonts;
			sourceTree = "<group>";
		};
		50A77D3E25D9F2500054E80D /* Localizer */ = {
			isa = PBXGroup;
			children = (
				50A77D3F25D9F2640054E80D /* TabBarLoclizer.swift */,
			);
			path = Localizer;
			sourceTree = "<group>";
		};
		50A77D4325D9F2890054E80D /* Extensions */ = {
			isa = PBXGroup;
			children = (
				501F741025DAB5DB00333F16 /* UILabel */,
				501F740525DAB59200333F16 /* UIViewController */,
				501F73F425DAB54300333F16 /* UIView */,
				501F73F025DAB4CA00333F16 /* UserDefaults */,
				50F0F35A25DA04D900F0517E /* UIFont */,
				50F0F30925D9FA3800F0517E /* UIColor */,
				50A77D4725D9F2A40054E80D /* String */,
			);
			path = Extensions;
			sourceTree = "<group>";
		};
		50A77D4725D9F2A40054E80D /* String */ = {
			isa = PBXGroup;
			children = (
				50A77D4425D9F2A10054E80D /* String.swift */,
			);
			path = String;
			sourceTree = "<group>";
		};
		50E3011F25D89950008271B6 /* Modules */ = {
			isa = PBXGroup;
			children = (
				503F7A1325DAA63100EBD730 /* Home Module */,
				50A77D2D25D9E9100054E80D /* TabBar Module */,
				50E3014F25D8A061008271B6 /* Login Module */,
				50E3012025D89956008271B6 /* AppDelegate */,
			);
			path = Modules;
			sourceTree = "<group>";
		};
		50E3012025D89956008271B6 /* AppDelegate */ = {
			isa = PBXGroup;
			children = (
				5019069225D8913E002D55F1 /* AppDelegate.swift */,
			);
			path = AppDelegate;
			sourceTree = "<group>";
		};
		50E3012125D89968008271B6 /* Resources */ = {
			isa = PBXGroup;
			children = (
				50A77D3425D9EED00054E80D /* Fonts */,
				50E3012225D89976008271B6 /* Assets */,
				50E3012325D8997D008271B6 /* Storyboard */,
				50E3014E25D8A04C008271B6 /* Localization */,
			);
			path = Resources;
			sourceTree = "<group>";
		};
		50E3012225D89976008271B6 /* Assets */ = {
			isa = PBXGroup;
			children = (
				5019069B25D89140002D55F1 /* Assets.xcassets */,
			);
			path = Assets;
			sourceTree = "<group>";
		};
		50E3012325D8997D008271B6 /* Storyboard */ = {
			isa = PBXGroup;
			children = (
				5019069D25D89140002D55F1 /* LaunchScreen.storyboard */,
			);
			path = Storyboard;
			sourceTree = "<group>";
		};
		50E3012525D899CA008271B6 /* Configurations */ = {
			isa = PBXGroup;
			children = (
				50E3012625D899D3008271B6 /* Plist */,
			);
			path = Configurations;
			sourceTree = "<group>";
		};
		50E3012625D899D3008271B6 /* Plist */ = {
			isa = PBXGroup;
			children = (
				501906A025D89140002D55F1 /* Info.plist */,
			);
			path = Plist;
			sourceTree = "<group>";
		};
		50E3014E25D8A04C008271B6 /* Localization */ = {
			isa = PBXGroup;
			children = (
				50E3014B25D8A031008271B6 /* Localizable.strings */,
			);
			path = Localization;
			sourceTree = "<group>";
		};
		50E3014F25D8A061008271B6 /* Login Module */ = {
			isa = PBXGroup;
			children = (
				50E3015025D8A070008271B6 /* ViewController */,
			);
			path = "Login Module";
			sourceTree = "<group>";
		};
		50E3015025D8A070008271B6 /* ViewController */ = {
			isa = PBXGroup;
			children = (
				50E3015125D8A093008271B6 /* LoginViewController.swift */,
				50E3015225D8A093008271B6 /* LoginViewController.xib */,
			);
			path = ViewController;
			sourceTree = "<group>";
		};
		50E3015725D8A31D008271B6 /* Core */ = {
			isa = PBXGroup;
			children = (
				50A77D4325D9F2890054E80D /* Extensions */,
				50E3015F25D8A42B008271B6 /* LocalizationService */,
			);
			path = Core;
			sourceTree = "<group>";
		};
		50E3015F25D8A42B008271B6 /* LocalizationService */ = {
			isa = PBXGroup;
			children = (
				50E3015925D8A33E008271B6 /* Language.swift */,
				50E3015A25D8A33E008271B6 /* LanguageManager.swift */,
				50E3015825D8A33E008271B6 /* LocalizerService.swift */,
			);
			path = LocalizationService;
			sourceTree = "<group>";
		};
		50F0F30925D9FA3800F0517E /* UIColor */ = {
			isa = PBXGroup;
			children = (
				50F0F30A25D9FA5E00F0517E /* UIColors.swift */,
			);
			path = UIColor;
			sourceTree = "<group>";
		};
		50F0F35A25DA04D900F0517E /* UIFont */ = {
			isa = PBXGroup;
			children = (
				50F0F35B25DA04F400F0517E /* UIFont.swift */,
			);
			path = UIFont;
			sourceTree = "<group>";
		};
		58FA8C7A3D95FA81869A2CF0 /* Pods */ = {
			isa = PBXGroup;
			children = (
				18D5F9EFE1E8196E8B75D545 /* Pods-LadyBug.debug.xcconfig */,
				F24B7BEE370B48BED12C3B59 /* Pods-LadyBug.release.xcconfig */,
			);
			path = Pods;
			sourceTree = "<group>";
		};
		BF55E03A16A081008C6E96B0 /* Frameworks */ = {
			isa = PBXGroup;
			children = (
				E91CF55B22029C4B2363CECE /* Pods_LadyBug.framework */,
			);
			name = Frameworks;
			sourceTree = "<group>";
		};
/* End PBXGroup section */

/* Begin PBXNativeTarget section */
		5019068E25D8913E002D55F1 /* LadyBug */ = {
			isa = PBXNativeTarget;
			buildConfigurationList = 501906A325D89140002D55F1 /* Build configuration list for PBXNativeTarget "LadyBug" */;
			buildPhases = (
				FD22FB7EE768D38E5E87D2D8 /* [CP] Check Pods Manifest.lock */,
				5019068B25D8913E002D55F1 /* Sources */,
				5019068C25D8913E002D55F1 /* Frameworks */,
				5019068D25D8913E002D55F1 /* Resources */,
			);
			buildRules = (
			);
			dependencies = (
			);
			name = LadyBug;
			productName = LadyBug;
			productReference = 5019068F25D8913E002D55F1 /* LadyBug.app */;
			productType = "com.apple.product-type.application";
		};
/* End PBXNativeTarget section */

/* Begin PBXProject section */
		5019068725D8913E002D55F1 /* Project object */ = {
			isa = PBXProject;
			attributes = {
				LastSwiftUpdateCheck = 1240;
				LastUpgradeCheck = 1240;
				TargetAttributes = {
					5019068E25D8913E002D55F1 = {
						CreatedOnToolsVersion = 12.4;
					};
				};
			};
			buildConfigurationList = 5019068A25D8913E002D55F1 /* Build configuration list for PBXProject "LadyBug" */;
			compatibilityVersion = "Xcode 9.3";
			developmentRegion = en;
			hasScannedForEncodings = 0;
			knownRegions = (
				en,
				Base,
				ar,
			);
			mainGroup = 5019068625D8913E002D55F1;
			productRefGroup = 5019069025D8913E002D55F1 /* Products */;
			projectDirPath = "";
			projectRoot = "";
			targets = (
				5019068E25D8913E002D55F1 /* LadyBug */,
			);
		};
/* End PBXProject section */

/* Begin PBXResourcesBuildPhase section */
		5019068D25D8913E002D55F1 /* Resources */ = {
			isa = PBXResourcesBuildPhase;
			buildActionMask = 2147483647;
			files = (
				503DFC5925DB1F990093CAF2 /* HomeHeaderViewCell.xib in Resources */,
				50A77D3A25D9EEE10054E80D /* TSRotger-Regular.ttf in Resources */,
				50A77D3225D9EA550054E80D /* TabBarViewController.xib in Resources */,
				50A77D3B25D9EEE10054E80D /* TSRotger-Black.ttf in Resources */,
				50A77D3C25D9EEE10054E80D /* TSRotger-Bold.ttf in Resources */,
				50E3015425D8A093008271B6 /* LoginViewController.xib in Resources */,
				5019069F25D89140002D55F1 /* LaunchScreen.storyboard in Resources */,
				50A77D3925D9EEE10054E80D /* TSRotger-Light.ttf in Resources */,
				503F7A1925DAA69F00EBD730 /* HomeViewController.xib in Resources */,
				50E3014925D8A031008271B6 /* Localizable.strings in Resources */,
				5019069C25D89140002D55F1 /* Assets.xcassets in Resources */,
				5072D39A25DAD2D8005363CB /* HomeHeaderView.xib in Resources */,
			);
			runOnlyForDeploymentPostprocessing = 0;
		};
/* End PBXResourcesBuildPhase section */

/* Begin PBXShellScriptBuildPhase section */
		FD22FB7EE768D38E5E87D2D8 /* [CP] Check Pods Manifest.lock */ = {
			isa = PBXShellScriptBuildPhase;
			buildActionMask = 2147483647;
			files = (
			);
			inputFileListPaths = (
			);
			inputPaths = (
				"${PODS_PODFILE_DIR_PATH}/Podfile.lock",
				"${PODS_ROOT}/Manifest.lock",
			);
			name = "[CP] Check Pods Manifest.lock";
			outputFileListPaths = (
			);
			outputPaths = (
				"$(DERIVED_FILE_DIR)/Pods-LadyBug-checkManifestLockResult.txt",
			);
			runOnlyForDeploymentPostprocessing = 0;
			shellPath = /bin/sh;
			shellScript = "diff \"${PODS_PODFILE_DIR_PATH}/Podfile.lock\" \"${PODS_ROOT}/Manifest.lock\" > /dev/null\nif [ $? != 0 ] ; then\n    # print error to STDERR\n    echo \"error: The sandbox is not in sync with the Podfile.lock. Run 'pod install' or update your CocoaPods installation.\" >&2\n    exit 1\nfi\n# This output is used by Xcode 'outputs' to avoid re-running this script phase.\necho \"SUCCESS\" > \"${SCRIPT_OUTPUT_FILE_0}\"\n";
			showEnvVarsInLog = 0;
		};
/* End PBXShellScriptBuildPhase section */

/* Begin PBXSourcesBuildPhase section */
		5019068B25D8913E002D55F1 /* Sources */ = {
			isa = PBXSourcesBuildPhase;
			buildActionMask = 2147483647;
			files = (
				501F740C25DAB59200333F16 /* UIViewController+Keyboard.swift in Sources */,
				501F73FF25DAB54300333F16 /* UIView+RoundCorners.swift in Sources */,
				50E3015325D8A093008271B6 /* LoginViewController.swift in Sources */,
				503F7A2425DAB05000EBD730 /* HomeLocalizer.swift in Sources */,
				503DFC5825DB1F990093CAF2 /* HomeHeaderViewCell.swift in Sources */,
				501F740225DAB54300333F16 /* UIView+IBInspectable.swift in Sources */,
				501F73FD25DAB54300333F16 /* UIView+Gradient.swift in Sources */,
				50E3015C25D8A33E008271B6 /* Language.swift in Sources */,
				501F740B25DAB59200333F16 /* UIViewController+Present.swift in Sources */,
				5019069325D8913E002D55F1 /* AppDelegate.swift in Sources */,
				5072D39E25DAD485005363CB /* HomePresenter.swift in Sources */,
				50E3015B25D8A33E008271B6 /* LocalizerService.swift in Sources */,
				501F741225DAB5DB00333F16 /* UILabel+LineSpacing.swift in Sources */,
				50A77D4025D9F2640054E80D /* TabBarLoclizer.swift in Sources */,
				5072D3A225DAD4B7005363CB /* HomeProtocols.swift in Sources */,
				50A77D3125D9EA550054E80D /* TabBarViewController.swift in Sources */,
				503F7A1F25DAAFD400EBD730 /* HomeImages.swift in Sources */,
				501F73FE25DAB54300333F16 /* UIView+FromNib.swift in Sources */,
				50A77D4525D9F2A10054E80D /* String.swift in Sources */,
				5072D39925DAD2D8005363CB /* HomeHeaderView.swift in Sources */,
				501F740D25DAB59200333F16 /* UIViewController+Alert.swift in Sources */,
				503F7A1825DAA69F00EBD730 /* HomeViewController.swift in Sources */,
				501F740025DAB54300333F16 /* UIView+InterfaceLayoutDirection.swift in Sources */,
				50E3015D25D8A33E008271B6 /* LanguageManager.swift in Sources */,
				50F0F35C25DA04F400F0517E /* UIFont.swift in Sources */,
				501F740125DAB54300333F16 /* UIView+Shadow.swift in Sources */,
				501F73F225DAB4CA00333F16 /* UserDefaults.swift in Sources */,
				50F0F30B25D9FA5E00F0517E /* UIColors.swift in Sources */,
			);
			runOnlyForDeploymentPostprocessing = 0;
		};
/* End PBXSourcesBuildPhase section */

/* Begin PBXVariantGroup section */
		5019069D25D89140002D55F1 /* LaunchScreen.storyboard */ = {
			isa = PBXVariantGroup;
			children = (
				5019069E25D89140002D55F1 /* Base */,
			);
			name = LaunchScreen.storyboard;
			sourceTree = "<group>";
		};
		50E3014B25D8A031008271B6 /* Localizable.strings */ = {
			isa = PBXVariantGroup;
			children = (
				50E3014A25D8A031008271B6 /* en */,
				50E3014D25D8A035008271B6 /* ar */,
			);
			name = Localizable.strings;
			sourceTree = "<group>";
		};
/* End PBXVariantGroup section */

/* Begin XCBuildConfiguration section */
		501906A125D89140002D55F1 /* Debug */ = {
			isa = XCBuildConfiguration;
			buildSettings = {
				ALWAYS_SEARCH_USER_PATHS = NO;
				CLANG_ANALYZER_LOCALIZABILITY_NONLOCALIZED = YES;
				CLANG_ANALYZER_NONNULL = YES;
				CLANG_ANALYZER_NUMBER_OBJECT_CONVERSION = YES_AGGRESSIVE;
				CLANG_CXX_LANGUAGE_STANDARD = "gnu++14";
				CLANG_CXX_LIBRARY = "libc++";
				CLANG_ENABLE_MODULES = YES;
				CLANG_ENABLE_OBJC_ARC = YES;
				CLANG_ENABLE_OBJC_WEAK = YES;
				CLANG_WARN_BLOCK_CAPTURE_AUTORELEASING = YES;
				CLANG_WARN_BOOL_CONVERSION = YES;
				CLANG_WARN_COMMA = YES;
				CLANG_WARN_CONSTANT_CONVERSION = YES;
				CLANG_WARN_DEPRECATED_OBJC_IMPLEMENTATIONS = YES;
				CLANG_WARN_DIRECT_OBJC_ISA_USAGE = YES_ERROR;
				CLANG_WARN_DOCUMENTATION_COMMENTS = YES;
				CLANG_WARN_EMPTY_BODY = YES;
				CLANG_WARN_ENUM_CONVERSION = YES;
				CLANG_WARN_INFINITE_RECURSION = YES;
				CLANG_WARN_INT_CONVERSION = YES;
				CLANG_WARN_NON_LITERAL_NULL_CONVERSION = YES;
				CLANG_WARN_OBJC_IMPLICIT_RETAIN_SELF = YES;
				CLANG_WARN_OBJC_LITERAL_CONVERSION = YES;
				CLANG_WARN_OBJC_ROOT_CLASS = YES_ERROR;
				CLANG_WARN_QUOTED_INCLUDE_IN_FRAMEWORK_HEADER = YES;
				CLANG_WARN_RANGE_LOOP_ANALYSIS = YES;
				CLANG_WARN_STRICT_PROTOTYPES = YES;
				CLANG_WARN_SUSPICIOUS_MOVE = YES;
				CLANG_WARN_UNGUARDED_AVAILABILITY = YES_AGGRESSIVE;
				CLANG_WARN_UNREACHABLE_CODE = YES;
				CLANG_WARN__DUPLICATE_METHOD_MATCH = YES;
				COPY_PHASE_STRIP = NO;
				DEBUG_INFORMATION_FORMAT = dwarf;
				ENABLE_STRICT_OBJC_MSGSEND = YES;
				ENABLE_TESTABILITY = YES;
				GCC_C_LANGUAGE_STANDARD = gnu11;
				GCC_DYNAMIC_NO_PIC = NO;
				GCC_NO_COMMON_BLOCKS = YES;
				GCC_OPTIMIZATION_LEVEL = 0;
				GCC_PREPROCESSOR_DEFINITIONS = (
					"DEBUG=1",
					"$(inherited)",
				);
				GCC_WARN_64_TO_32_BIT_CONVERSION = YES;
				GCC_WARN_ABOUT_RETURN_TYPE = YES_ERROR;
				GCC_WARN_UNDECLARED_SELECTOR = YES;
				GCC_WARN_UNINITIALIZED_AUTOS = YES_AGGRESSIVE;
				GCC_WARN_UNUSED_FUNCTION = YES;
				GCC_WARN_UNUSED_VARIABLE = YES;
				IPHONEOS_DEPLOYMENT_TARGET = 14.4;
				MTL_ENABLE_DEBUG_INFO = INCLUDE_SOURCE;
				MTL_FAST_MATH = YES;
				ONLY_ACTIVE_ARCH = YES;
				SDKROOT = iphoneos;
				SWIFT_ACTIVE_COMPILATION_CONDITIONS = DEBUG;
				SWIFT_OPTIMIZATION_LEVEL = "-Onone";
			};
			name = Debug;
		};
		501906A225D89140002D55F1 /* Release */ = {
			isa = XCBuildConfiguration;
			buildSettings = {
				ALWAYS_SEARCH_USER_PATHS = NO;
				CLANG_ANALYZER_LOCALIZABILITY_NONLOCALIZED = YES;
				CLANG_ANALYZER_NONNULL = YES;
				CLANG_ANALYZER_NUMBER_OBJECT_CONVERSION = YES_AGGRESSIVE;
				CLANG_CXX_LANGUAGE_STANDARD = "gnu++14";
				CLANG_CXX_LIBRARY = "libc++";
				CLANG_ENABLE_MODULES = YES;
				CLANG_ENABLE_OBJC_ARC = YES;
				CLANG_ENABLE_OBJC_WEAK = YES;
				CLANG_WARN_BLOCK_CAPTURE_AUTORELEASING = YES;
				CLANG_WARN_BOOL_CONVERSION = YES;
				CLANG_WARN_COMMA = YES;
				CLANG_WARN_CONSTANT_CONVERSION = YES;
				CLANG_WARN_DEPRECATED_OBJC_IMPLEMENTATIONS = YES;
				CLANG_WARN_DIRECT_OBJC_ISA_USAGE = YES_ERROR;
				CLANG_WARN_DOCUMENTATION_COMMENTS = YES;
				CLANG_WARN_EMPTY_BODY = YES;
				CLANG_WARN_ENUM_CONVERSION = YES;
				CLANG_WARN_INFINITE_RECURSION = YES;
				CLANG_WARN_INT_CONVERSION = YES;
				CLANG_WARN_NON_LITERAL_NULL_CONVERSION = YES;
				CLANG_WARN_OBJC_IMPLICIT_RETAIN_SELF = YES;
				CLANG_WARN_OBJC_LITERAL_CONVERSION = YES;
				CLANG_WARN_OBJC_ROOT_CLASS = YES_ERROR;
				CLANG_WARN_QUOTED_INCLUDE_IN_FRAMEWORK_HEADER = YES;
				CLANG_WARN_RANGE_LOOP_ANALYSIS = YES;
				CLANG_WARN_STRICT_PROTOTYPES = YES;
				CLANG_WARN_SUSPICIOUS_MOVE = YES;
				CLANG_WARN_UNGUARDED_AVAILABILITY = YES_AGGRESSIVE;
				CLANG_WARN_UNREACHABLE_CODE = YES;
				CLANG_WARN__DUPLICATE_METHOD_MATCH = YES;
				COPY_PHASE_STRIP = NO;
				DEBUG_INFORMATION_FORMAT = "dwarf-with-dsym";
				ENABLE_NS_ASSERTIONS = NO;
				ENABLE_STRICT_OBJC_MSGSEND = YES;
				GCC_C_LANGUAGE_STANDARD = gnu11;
				GCC_NO_COMMON_BLOCKS = YES;
				GCC_WARN_64_TO_32_BIT_CONVERSION = YES;
				GCC_WARN_ABOUT_RETURN_TYPE = YES_ERROR;
				GCC_WARN_UNDECLARED_SELECTOR = YES;
				GCC_WARN_UNINITIALIZED_AUTOS = YES_AGGRESSIVE;
				GCC_WARN_UNUSED_FUNCTION = YES;
				GCC_WARN_UNUSED_VARIABLE = YES;
				IPHONEOS_DEPLOYMENT_TARGET = 14.4;
				MTL_ENABLE_DEBUG_INFO = NO;
				MTL_FAST_MATH = YES;
				SDKROOT = iphoneos;
				SWIFT_COMPILATION_MODE = wholemodule;
				SWIFT_OPTIMIZATION_LEVEL = "-O";
				VALIDATE_PRODUCT = YES;
			};
			name = Release;
		};
		501906A425D89140002D55F1 /* Debug */ = {
			isa = XCBuildConfiguration;
			baseConfigurationReference = 18D5F9EFE1E8196E8B75D545 /* Pods-LadyBug.debug.xcconfig */;
			buildSettings = {
				ASSETCATALOG_COMPILER_APPICON_NAME = AppIcon;
				ASSETCATALOG_COMPILER_GLOBAL_ACCENT_COLOR_NAME = AccentColor;
				CODE_SIGN_STYLE = Automatic;
				INFOPLIST_FILE = LadyBug/Configurations/Plist/Info.plist;
				IPHONEOS_DEPLOYMENT_TARGET = 12.1;
				LD_RUNPATH_SEARCH_PATHS = (
					"$(inherited)",
					"@executable_path/Frameworks",
				);
				PRODUCT_BUNDLE_IDENTIFIER = ladybug.LadyBug;
				PRODUCT_NAME = "$(TARGET_NAME)";
				SWIFT_VERSION = 5.0;
				TARGETED_DEVICE_FAMILY = "1,2";
			};
			name = Debug;
		};
		501906A525D89140002D55F1 /* Release */ = {
			isa = XCBuildConfiguration;
			baseConfigurationReference = F24B7BEE370B48BED12C3B59 /* Pods-LadyBug.release.xcconfig */;
			buildSettings = {
				ASSETCATALOG_COMPILER_APPICON_NAME = AppIcon;
				ASSETCATALOG_COMPILER_GLOBAL_ACCENT_COLOR_NAME = AccentColor;
				CODE_SIGN_STYLE = Automatic;
				INFOPLIST_FILE = LadyBug/Configurations/Plist/Info.plist;
				IPHONEOS_DEPLOYMENT_TARGET = 12.1;
				LD_RUNPATH_SEARCH_PATHS = (
					"$(inherited)",
					"@executable_path/Frameworks",
				);
				PRODUCT_BUNDLE_IDENTIFIER = ladybug.LadyBug;
				PRODUCT_NAME = "$(TARGET_NAME)";
				SWIFT_VERSION = 5.0;
				TARGETED_DEVICE_FAMILY = "1,2";
			};
			name = Release;
		};
/* End XCBuildConfiguration section */

/* Begin XCConfigurationList section */
		5019068A25D8913E002D55F1 /* Build configuration list for PBXProject "LadyBug" */ = {
			isa = XCConfigurationList;
			buildConfigurations = (
				501906A125D89140002D55F1 /* Debug */,
				501906A225D89140002D55F1 /* Release */,
			);
			defaultConfigurationIsVisible = 0;
			defaultConfigurationName = Release;
		};
		501906A325D89140002D55F1 /* Build configuration list for PBXNativeTarget "LadyBug" */ = {
			isa = XCConfigurationList;
			buildConfigurations = (
				501906A425D89140002D55F1 /* Debug */,
				501906A525D89140002D55F1 /* Release */,
			);
			defaultConfigurationIsVisible = 0;
			defaultConfigurationName = Release;
		};
/* End XCConfigurationList section */
	};
	rootObject = 5019068725D8913E002D55F1 /* Project object */;
}
