// !$*UTF8*$!
{
	archiveVersion = 1;
	classes = {
	};
	objectVersion = 50;
	objects = {

/* Begin PBXBuildFile section */
		2166B89125E081BC008FE0A0 /* LoginImages.swift in Sources */ = {isa = PBXBuildFile; fileRef = 2166B88625E081BC008FE0A0 /* LoginImages.swift */; };
		2166B89225E081BC008FE0A0 /* LoginLoclizer.swift in Sources */ = {isa = PBXBuildFile; fileRef = 2166B88825E081BC008FE0A0 /* LoginLoclizer.swift */; };
		2166B89325E081BC008FE0A0 /* loginPresenter.swift in Sources */ = {isa = PBXBuildFile; fileRef = 2166B88A25E081BC008FE0A0 /* loginPresenter.swift */; };
		2166B89425E081BC008FE0A0 /* LoginViewController.xib in Resources */ = {isa = PBXBuildFile; fileRef = 2166B88D25E081BC008FE0A0 /* LoginViewController.xib */; };
		2166B89525E081BC008FE0A0 /* LoginViewController.swift in Sources */ = {isa = PBXBuildFile; fileRef = 2166B88E25E081BC008FE0A0 /* LoginViewController.swift */; };
		2166B89625E081BC008FE0A0 /* Protocols.swift in Sources */ = {isa = PBXBuildFile; fileRef = 2166B89025E081BC008FE0A0 /* Protocols.swift */; };
		2166B8A425E081C8008FE0A0 /* RegistrationLocalizer.swift in Sources */ = {isa = PBXBuildFile; fileRef = 2166B89B25E081C8008FE0A0 /* RegistrationLocalizer.swift */; };
		2166B8A525E081C8008FE0A0 /* Registration Presenter.swift in Sources */ = {isa = PBXBuildFile; fileRef = 2166B89D25E081C8008FE0A0 /* Registration Presenter.swift */; };
		2166B8A625E081C8008FE0A0 /* RegistrationViewController.xib in Resources */ = {isa = PBXBuildFile; fileRef = 2166B8A025E081C8008FE0A0 /* RegistrationViewController.xib */; };
		2166B8A725E081C8008FE0A0 /* RegistrationViewController.swift in Sources */ = {isa = PBXBuildFile; fileRef = 2166B8A125E081C8008FE0A0 /* RegistrationViewController.swift */; };
		2166B8A825E081C8008FE0A0 /* RegistrationProtocols.swift in Sources */ = {isa = PBXBuildFile; fileRef = 2166B8A325E081C8008FE0A0 /* RegistrationProtocols.swift */; };
		21A5A13525DB2D8A001A2F64 /* MyFarmLocalizer.swift in Sources */ = {isa = PBXBuildFile; fileRef = 21A5A13425DB2D8A001A2F64 /* MyFarmLocalizer.swift */; };
		50068C6D25E48A650097A870 /* MoreMenuImages.swift in Sources */ = {isa = PBXBuildFile; fileRef = 50068C5A25E48A650097A870 /* MoreMenuImages.swift */; };
		50068C6E25E48A650097A870 /* MoreMenuLocalizer.swift in Sources */ = {isa = PBXBuildFile; fileRef = 50068C5C25E48A650097A870 /* MoreMenuLocalizer.swift */; };
		50068C6F25E48A650097A870 /* MoreMenuPresenter.swift in Sources */ = {isa = PBXBuildFile; fileRef = 50068C5E25E48A650097A870 /* MoreMenuPresenter.swift */; };
		50068C7025E48A650097A870 /* MoreMenuModel.swift in Sources */ = {isa = PBXBuildFile; fileRef = 50068C6025E48A650097A870 /* MoreMenuModel.swift */; };
		50068C7125E48A650097A870 /* MoreMenuUIModel.swift in Sources */ = {isa = PBXBuildFile; fileRef = 50068C6225E48A650097A870 /* MoreMenuUIModel.swift */; };
		50068C7225E48A650097A870 /* MoreMenuCell.swift in Sources */ = {isa = PBXBuildFile; fileRef = 50068C6625E48A650097A870 /* MoreMenuCell.swift */; };
		50068C7325E48A650097A870 /* MoreMenuCell.xib in Resources */ = {isa = PBXBuildFile; fileRef = 50068C6725E48A650097A870 /* MoreMenuCell.xib */; };
		50068C7425E48A650097A870 /* MoreMenuViewController.xib in Resources */ = {isa = PBXBuildFile; fileRef = 50068C6925E48A650097A870 /* MoreMenuViewController.xib */; };
		50068C7525E48A650097A870 /* MoreMenuViewController.swift in Sources */ = {isa = PBXBuildFile; fileRef = 50068C6A25E48A650097A870 /* MoreMenuViewController.swift */; };
		50068C7625E48A650097A870 /* MoreMenuProtocols.swift in Sources */ = {isa = PBXBuildFile; fileRef = 50068C6C25E48A650097A870 /* MoreMenuProtocols.swift */; };
		5019069325D8913E002D55F1 /* AppDelegate.swift in Sources */ = {isa = PBXBuildFile; fileRef = 5019069225D8913E002D55F1 /* AppDelegate.swift */; };
		5019069C25D89140002D55F1 /* Assets.xcassets in Resources */ = {isa = PBXBuildFile; fileRef = 5019069B25D89140002D55F1 /* Assets.xcassets */; };
		5019069F25D89140002D55F1 /* LaunchScreen.storyboard in Resources */ = {isa = PBXBuildFile; fileRef = 5019069D25D89140002D55F1 /* LaunchScreen.storyboard */; };
		501F73F225DAB4CA00333F16 /* UserDefaults.swift in Sources */ = {isa = PBXBuildFile; fileRef = 501F73F125DAB4CA00333F16 /* UserDefaults.swift */; };
		501F73FD25DAB54300333F16 /* UIView+Gradient.swift in Sources */ = {isa = PBXBuildFile; fileRef = 501F73F625DAB54300333F16 /* UIView+Gradient.swift */; };
		501F73FE25DAB54300333F16 /* UIView+FromNib.swift in Sources */ = {isa = PBXBuildFile; fileRef = 501F73F725DAB54300333F16 /* UIView+FromNib.swift */; };
		501F73FF25DAB54300333F16 /* UIView+RoundCorners.swift in Sources */ = {isa = PBXBuildFile; fileRef = 501F73F825DAB54300333F16 /* UIView+RoundCorners.swift */; };
		501F740025DAB54300333F16 /* UIView+InterfaceLayoutDirection.swift in Sources */ = {isa = PBXBuildFile; fileRef = 501F73F925DAB54300333F16 /* UIView+InterfaceLayoutDirection.swift */; };
		501F740125DAB54300333F16 /* UIView+Shadow.swift in Sources */ = {isa = PBXBuildFile; fileRef = 501F73FA25DAB54300333F16 /* UIView+Shadow.swift */; };
		501F740225DAB54300333F16 /* UIView+IBInspectable.swift in Sources */ = {isa = PBXBuildFile; fileRef = 501F73FB25DAB54300333F16 /* UIView+IBInspectable.swift */; };
		501F740B25DAB59200333F16 /* UIViewController+Present.swift in Sources */ = {isa = PBXBuildFile; fileRef = 501F740725DAB59200333F16 /* UIViewController+Present.swift */; };
		501F740C25DAB59200333F16 /* UIViewController+Keyboard.swift in Sources */ = {isa = PBXBuildFile; fileRef = 501F740825DAB59200333F16 /* UIViewController+Keyboard.swift */; };
		501F740D25DAB59200333F16 /* UIViewController+Alert.swift in Sources */ = {isa = PBXBuildFile; fileRef = 501F740925DAB59200333F16 /* UIViewController+Alert.swift */; };
		501F741225DAB5DB00333F16 /* UILabel+LineSpacing.swift in Sources */ = {isa = PBXBuildFile; fileRef = 501F741125DAB5DB00333F16 /* UILabel+LineSpacing.swift */; };
		503CB5A025E07AF700B7A393 /* ProductsViewController.swift in Sources */ = {isa = PBXBuildFile; fileRef = 503CB59E25E07AF700B7A393 /* ProductsViewController.swift */; };
		503CB5A125E07AF700B7A393 /* ProductsViewController.xib in Resources */ = {isa = PBXBuildFile; fileRef = 503CB59F25E07AF700B7A393 /* ProductsViewController.xib */; };
		503CB5A625E07B8100B7A393 /* ProductsLocalizer.swift in Sources */ = {isa = PBXBuildFile; fileRef = 503CB5A525E07B8100B7A393 /* ProductsLocalizer.swift */; };
		503CB5AA25E07BA300B7A393 /* ProductsImages.swift in Sources */ = {isa = PBXBuildFile; fileRef = 503CB5A925E07BA300B7A393 /* ProductsImages.swift */; };
		503CB5AF25E07BCB00B7A393 /* ProductsPresenter.swift in Sources */ = {isa = PBXBuildFile; fileRef = 503CB5AE25E07BCB00B7A393 /* ProductsPresenter.swift */; };
		503CB5B325E07BE100B7A393 /* ProductsProtocols.swift in Sources */ = {isa = PBXBuildFile; fileRef = 503CB5B225E07BE100B7A393 /* ProductsProtocols.swift */; };
		503CB5BA25E07DD900B7A393 /* ProductCell.swift in Sources */ = {isa = PBXBuildFile; fileRef = 503CB5B825E07DD900B7A393 /* ProductCell.swift */; };
		503CB5BB25E07DD900B7A393 /* ProductCell.xib in Resources */ = {isa = PBXBuildFile; fileRef = 503CB5B925E07DD900B7A393 /* ProductCell.xib */; };
		503CB5C425E0A15F00B7A393 /* VideosViewController.swift in Sources */ = {isa = PBXBuildFile; fileRef = 503CB5C225E0A15F00B7A393 /* VideosViewController.swift */; };
		503CB5C525E0A15F00B7A393 /* VideosViewController.xib in Resources */ = {isa = PBXBuildFile; fileRef = 503CB5C325E0A15F00B7A393 /* VideosViewController.xib */; };
		503CB5CA25E0A18100B7A393 /* VideosPresenter.swift in Sources */ = {isa = PBXBuildFile; fileRef = 503CB5C925E0A18100B7A393 /* VideosPresenter.swift */; };
		503CB5CF25E0A19800B7A393 /* VideosProtocols.swift in Sources */ = {isa = PBXBuildFile; fileRef = 503CB5CE25E0A19800B7A393 /* VideosProtocols.swift */; };
		503CB5D425E0A1B200B7A393 /* VideosImages.swift in Sources */ = {isa = PBXBuildFile; fileRef = 503CB5D325E0A1B200B7A393 /* VideosImages.swift */; };
		503CB5DA25E0A1C400B7A393 /* VideosLocalizer.swift in Sources */ = {isa = PBXBuildFile; fileRef = 503CB5D925E0A1C400B7A393 /* VideosLocalizer.swift */; };
		503CB5E425E0A23300B7A393 /* VideosCell.swift in Sources */ = {isa = PBXBuildFile; fileRef = 503CB5E225E0A23300B7A393 /* VideosCell.swift */; };
		503CB5E525E0A23300B7A393 /* VideosCell.xib in Resources */ = {isa = PBXBuildFile; fileRef = 503CB5E325E0A23300B7A393 /* VideosCell.xib */; };
		503DFC5825DB1F990093CAF2 /* HomeHeaderViewCell.swift in Sources */ = {isa = PBXBuildFile; fileRef = 503DFC5625DB1F990093CAF2 /* HomeHeaderViewCell.swift */; };
		503DFC5925DB1F990093CAF2 /* HomeHeaderViewCell.xib in Resources */ = {isa = PBXBuildFile; fileRef = 503DFC5725DB1F990093CAF2 /* HomeHeaderViewCell.xib */; };
		503DFC5E25DB2D5B0093CAF2 /* HeaderViewUIModel.swift in Sources */ = {isa = PBXBuildFile; fileRef = 503DFC5D25DB2D5B0093CAF2 /* HeaderViewUIModel.swift */; };
		503DFC6425DB34840093CAF2 /* HomeHeaderViewEditCell.swift in Sources */ = {isa = PBXBuildFile; fileRef = 503DFC6225DB34840093CAF2 /* HomeHeaderViewEditCell.swift */; };
		503DFC6525DB34840093CAF2 /* HomeHeaderViewEditCell.xib in Resources */ = {isa = PBXBuildFile; fileRef = 503DFC6325DB34840093CAF2 /* HomeHeaderViewEditCell.xib */; };
		503DFC6B25DB385D0093CAF2 /* HomePostsCell.swift in Sources */ = {isa = PBXBuildFile; fileRef = 503DFC6925DB385D0093CAF2 /* HomePostsCell.swift */; };
		503DFC6C25DB385D0093CAF2 /* HomePostsCell.xib in Resources */ = {isa = PBXBuildFile; fileRef = 503DFC6A25DB385D0093CAF2 /* HomePostsCell.xib */; };
		503F7A1825DAA69F00EBD730 /* HomeViewController.swift in Sources */ = {isa = PBXBuildFile; fileRef = 503F7A1625DAA69F00EBD730 /* HomeViewController.swift */; };
		503F7A1925DAA69F00EBD730 /* HomeViewController.xib in Resources */ = {isa = PBXBuildFile; fileRef = 503F7A1725DAA69F00EBD730 /* HomeViewController.xib */; };
		503F7A1F25DAAFD400EBD730 /* HomeImages.swift in Sources */ = {isa = PBXBuildFile; fileRef = 503F7A1E25DAAFD400EBD730 /* HomeImages.swift */; };
		503F7A2425DAB05000EBD730 /* HomeLocalizer.swift in Sources */ = {isa = PBXBuildFile; fileRef = 503F7A2325DAB05000EBD730 /* HomeLocalizer.swift */; };
		5072D39925DAD2D8005363CB /* HomeHeaderView.swift in Sources */ = {isa = PBXBuildFile; fileRef = 5072D39725DAD2D8005363CB /* HomeHeaderView.swift */; };
		5072D39A25DAD2D8005363CB /* HomeHeaderView.xib in Resources */ = {isa = PBXBuildFile; fileRef = 5072D39825DAD2D8005363CB /* HomeHeaderView.xib */; };
		5072D39E25DAD485005363CB /* HomePresenter.swift in Sources */ = {isa = PBXBuildFile; fileRef = 5072D39D25DAD485005363CB /* HomePresenter.swift */; };
		5072D3A225DAD4B7005363CB /* HomeProtocols.swift in Sources */ = {isa = PBXBuildFile; fileRef = 5072D3A125DAD4B7005363CB /* HomeProtocols.swift */; };
		5090FBEC25E44CDE008D5B06 /* InterestedSelectionProtocols.swift in Sources */ = {isa = PBXBuildFile; fileRef = 5090FBEB25E44CDE008D5B06 /* InterestedSelectionProtocols.swift */; };
		5090FBF125E44D39008D5B06 /* InterestedSelectionImages.swift in Sources */ = {isa = PBXBuildFile; fileRef = 5090FBF025E44D39008D5B06 /* InterestedSelectionImages.swift */; };
		5090FBF625E44D4C008D5B06 /* InterestedSelectionLocalizer.swift in Sources */ = {isa = PBXBuildFile; fileRef = 5090FBF525E44D4C008D5B06 /* InterestedSelectionLocalizer.swift */; };
		5090FBFB25E4515E008D5B06 /* InterestedSelectionUIModel.swift in Sources */ = {isa = PBXBuildFile; fileRef = 5090FBFA25E4515E008D5B06 /* InterestedSelectionUIModel.swift */; };
		509643AC25E2EF860000FB60 /* AddPostViewController.swift in Sources */ = {isa = PBXBuildFile; fileRef = 509643AA25E2EF860000FB60 /* AddPostViewController.swift */; };
		509643AD25E2EF860000FB60 /* AddPostViewController.xib in Resources */ = {isa = PBXBuildFile; fileRef = 509643AB25E2EF860000FB60 /* AddPostViewController.xib */; };
		509643B125E2F0710000FB60 /* AddPostPresenter.swift in Sources */ = {isa = PBXBuildFile; fileRef = 509643B025E2F0710000FB60 /* AddPostPresenter.swift */; };
		509643B525E2F0990000FB60 /* AddPostProtocols.swift in Sources */ = {isa = PBXBuildFile; fileRef = 509643B425E2F0990000FB60 /* AddPostProtocols.swift */; };
		509643BA25E2F1260000FB60 /* AddPostImages.swift in Sources */ = {isa = PBXBuildFile; fileRef = 509643B925E2F1260000FB60 /* AddPostImages.swift */; };
		509643BE25E2F1420000FB60 /* AddPostLocalizer.swift in Sources */ = {isa = PBXBuildFile; fileRef = 509643BD25E2F1420000FB60 /* AddPostLocalizer.swift */; };
		509643C825E2F1C40000FB60 /* AddPostCell.swift in Sources */ = {isa = PBXBuildFile; fileRef = 509643C625E2F1C40000FB60 /* AddPostCell.swift */; };
		509643C925E2F1C40000FB60 /* AddPostCell.xib in Resources */ = {isa = PBXBuildFile; fileRef = 509643C725E2F1C40000FB60 /* AddPostCell.xib */; };
		509643CE25E2F6A20000FB60 /* AddPostUIModel.swift in Sources */ = {isa = PBXBuildFile; fileRef = 509643CD25E2F6A20000FB60 /* AddPostUIModel.swift */; };
		509643DD25E303180000FB60 /* ToolbarPickerView.swift in Sources */ = {isa = PBXBuildFile; fileRef = 509643DC25E303180000FB60 /* ToolbarPickerView.swift */; };
		5099491725E4642D0085CFBF /* ForgotImages.swift in Sources */ = {isa = PBXBuildFile; fileRef = 5099490C25E4642D0085CFBF /* ForgotImages.swift */; };
		5099491825E4642D0085CFBF /* ForgotLocalizer.swift in Sources */ = {isa = PBXBuildFile; fileRef = 5099490E25E4642D0085CFBF /* ForgotLocalizer.swift */; };
		5099491925E4642D0085CFBF /* ForgotPresenter.swift in Sources */ = {isa = PBXBuildFile; fileRef = 5099491025E4642D0085CFBF /* ForgotPresenter.swift */; };
		5099491A25E4642D0085CFBF /* ForgotPasswordViewController.swift in Sources */ = {isa = PBXBuildFile; fileRef = 5099491325E4642D0085CFBF /* ForgotPasswordViewController.swift */; };
		5099491B25E4642D0085CFBF /* ForgotPasswordViewController.xib in Resources */ = {isa = PBXBuildFile; fileRef = 5099491425E4642D0085CFBF /* ForgotPasswordViewController.xib */; };
		5099491C25E4642D0085CFBF /* ForgotProtocols.swift in Sources */ = {isa = PBXBuildFile; fileRef = 5099491625E4642D0085CFBF /* ForgotProtocols.swift */; };
		50A54C0C25E3FF190052F701 /* InterestedSelectionViewController.xib in Resources */ = {isa = PBXBuildFile; fileRef = 50A54C0A25E3FF180052F701 /* InterestedSelectionViewController.xib */; };
		50A54C0D25E3FF190052F701 /* InterestedSelectionViewController.swift in Sources */ = {isa = PBXBuildFile; fileRef = 50A54C0B25E3FF180052F701 /* InterestedSelectionViewController.swift */; };
		50A54C1325E3FF5C0052F701 /* InterestedSelectionCell.swift in Sources */ = {isa = PBXBuildFile; fileRef = 50A54C1125E3FF5C0052F701 /* InterestedSelectionCell.swift */; };
		50A54C1425E3FF5C0052F701 /* InterestedSelectionCell.xib in Resources */ = {isa = PBXBuildFile; fileRef = 50A54C1225E3FF5C0052F701 /* InterestedSelectionCell.xib */; };
		50A54C1925E400950052F701 /* InterestedSelectionHeaderView.swift in Sources */ = {isa = PBXBuildFile; fileRef = 50A54C1725E400950052F701 /* InterestedSelectionHeaderView.swift */; };
		50A54C1A25E400950052F701 /* InterestedSelectionHeaderView.xib in Resources */ = {isa = PBXBuildFile; fileRef = 50A54C1825E400950052F701 /* InterestedSelectionHeaderView.xib */; };
		50A77D3125D9EA550054E80D /* TabBarViewController.swift in Sources */ = {isa = PBXBuildFile; fileRef = 50A77D2F25D9EA550054E80D /* TabBarViewController.swift */; };
		50A77D3225D9EA550054E80D /* TabBarViewController.xib in Resources */ = {isa = PBXBuildFile; fileRef = 50A77D3025D9EA550054E80D /* TabBarViewController.xib */; };
		50A77D3925D9EEE10054E80D /* TSRotger-Light.ttf in Resources */ = {isa = PBXBuildFile; fileRef = 50A77D3525D9EEE00054E80D /* TSRotger-Light.ttf */; };
		50A77D3A25D9EEE10054E80D /* TSRotger-Regular.ttf in Resources */ = {isa = PBXBuildFile; fileRef = 50A77D3625D9EEE10054E80D /* TSRotger-Regular.ttf */; };
		50A77D3B25D9EEE10054E80D /* TSRotger-Black.ttf in Resources */ = {isa = PBXBuildFile; fileRef = 50A77D3725D9EEE10054E80D /* TSRotger-Black.ttf */; };
		50A77D3C25D9EEE10054E80D /* TSRotger-Bold.ttf in Resources */ = {isa = PBXBuildFile; fileRef = 50A77D3825D9EEE10054E80D /* TSRotger-Bold.ttf */; };
		50A77D4025D9F2640054E80D /* TabBarLoclizer.swift in Sources */ = {isa = PBXBuildFile; fileRef = 50A77D3F25D9F2640054E80D /* TabBarLoclizer.swift */; };
		50A77D4525D9F2A10054E80D /* String.swift in Sources */ = {isa = PBXBuildFile; fileRef = 50A77D4425D9F2A10054E80D /* String.swift */; };
		50D6136825DC195100228385 /* CommonLocalizer.swift in Sources */ = {isa = PBXBuildFile; fileRef = 50D6136725DC195100228385 /* CommonLocalizer.swift */; };
		50D6136D25DC198900228385 /* CommonImages.swift in Sources */ = {isa = PBXBuildFile; fileRef = 50D6136C25DC198900228385 /* CommonImages.swift */; };
		50D6137525DC1CEC00228385 /* MyFarmViewController.swift in Sources */ = {isa = PBXBuildFile; fileRef = 50D6137325DC1CEC00228385 /* MyFarmViewController.swift */; };
		50D6137625DC1CEC00228385 /* MyFarmViewController.xib in Resources */ = {isa = PBXBuildFile; fileRef = 50D6137425DC1CEC00228385 /* MyFarmViewController.xib */; };
		50D6137A25DC1D2700228385 /* MyFarmImages.swift in Sources */ = {isa = PBXBuildFile; fileRef = 50D6137925DC1D2700228385 /* MyFarmImages.swift */; };
		50D6137F25DC206400228385 /* MyFarmWeatherHeaderView.swift in Sources */ = {isa = PBXBuildFile; fileRef = 50D6137D25DC206400228385 /* MyFarmWeatherHeaderView.swift */; };
		50D6138025DC206400228385 /* MyFarmWeatherHeaderView.xib in Resources */ = {isa = PBXBuildFile; fileRef = 50D6137E25DC206400228385 /* MyFarmWeatherHeaderView.xib */; };
		50E3014925D8A031008271B6 /* Localizable.strings in Resources */ = {isa = PBXBuildFile; fileRef = 50E3014B25D8A031008271B6 /* Localizable.strings */; };
		50E3015B25D8A33E008271B6 /* LocalizerService.swift in Sources */ = {isa = PBXBuildFile; fileRef = 50E3015825D8A33E008271B6 /* LocalizerService.swift */; };
		50E3015C25D8A33E008271B6 /* Language.swift in Sources */ = {isa = PBXBuildFile; fileRef = 50E3015925D8A33E008271B6 /* Language.swift */; };
		50E3015D25D8A33E008271B6 /* LanguageManager.swift in Sources */ = {isa = PBXBuildFile; fileRef = 50E3015A25D8A33E008271B6 /* LanguageManager.swift */; };
		50E6652225E40CDE00D48EA8 /* InterestedSelectionPresenter.swift in Sources */ = {isa = PBXBuildFile; fileRef = 50E6652125E40CDE00D48EA8 /* InterestedSelectionPresenter.swift */; };
		50F0F30B25D9FA5E00F0517E /* UIColors.swift in Sources */ = {isa = PBXBuildFile; fileRef = 50F0F30A25D9FA5E00F0517E /* UIColors.swift */; };
		50F0F35C25DA04F400F0517E /* UIFont.swift in Sources */ = {isa = PBXBuildFile; fileRef = 50F0F35B25DA04F400F0517E /* UIFont.swift */; };
		50FA841F25DC4636008A9216 /* MyFarmPresenter.swift in Sources */ = {isa = PBXBuildFile; fileRef = 50FA841E25DC4636008A9216 /* MyFarmPresenter.swift */; };
		50FA842325DC466D008A9216 /* MyFarmProtocols.swift in Sources */ = {isa = PBXBuildFile; fileRef = 50FA842225DC466D008A9216 /* MyFarmProtocols.swift */; };
		50FA843225DC49DA008A9216 /* FarmCell.swift in Sources */ = {isa = PBXBuildFile; fileRef = 50FA843025DC49DA008A9216 /* FarmCell.swift */; };
		50FA843325DC49DA008A9216 /* FarmCell.xib in Resources */ = {isa = PBXBuildFile; fileRef = 50FA843125DC49DA008A9216 /* FarmCell.xib */; };
		50FA849C25DC60EC008A9216 /* DynamicHeightCollectionView.swift in Sources */ = {isa = PBXBuildFile; fileRef = 50FA849B25DC60EC008A9216 /* DynamicHeightCollectionView.swift */; };
		50FA84A225DC6325008A9216 /* FarmDetailsView.swift in Sources */ = {isa = PBXBuildFile; fileRef = 50FA84A025DC6325008A9216 /* FarmDetailsView.swift */; };
		50FA84A325DC6325008A9216 /* FarmDetailsView.xib in Resources */ = {isa = PBXBuildFile; fileRef = 50FA84A125DC6325008A9216 /* FarmDetailsView.xib */; };
		50FA84A925DC6414008A9216 /* FarmDetailsCell.swift in Sources */ = {isa = PBXBuildFile; fileRef = 50FA84A725DC6414008A9216 /* FarmDetailsCell.swift */; };
		50FA84AA25DC6414008A9216 /* FarmDetailsCell.xib in Resources */ = {isa = PBXBuildFile; fileRef = 50FA84A825DC6414008A9216 /* FarmDetailsCell.xib */; };
		65E47962DF2E6F139812F4D2 /* Pods_LadyBug.framework in Frameworks */ = {isa = PBXBuildFile; fileRef = E91CF55B22029C4B2363CECE /* Pods_LadyBug.framework */; };
/* End PBXBuildFile section */

/* Begin PBXFileReference section */
		18D5F9EFE1E8196E8B75D545 /* Pods-LadyBug.debug.xcconfig */ = {isa = PBXFileReference; includeInIndex = 1; lastKnownFileType = text.xcconfig; name = "Pods-LadyBug.debug.xcconfig"; path = "Target Support Files/Pods-LadyBug/Pods-LadyBug.debug.xcconfig"; sourceTree = "<group>"; };
		2166B88625E081BC008FE0A0 /* LoginImages.swift */ = {isa = PBXFileReference; fileEncoding = 4; lastKnownFileType = sourcecode.swift; path = LoginImages.swift; sourceTree = "<group>"; };
		2166B88825E081BC008FE0A0 /* LoginLoclizer.swift */ = {isa = PBXFileReference; fileEncoding = 4; lastKnownFileType = sourcecode.swift; path = LoginLoclizer.swift; sourceTree = "<group>"; };
		2166B88A25E081BC008FE0A0 /* loginPresenter.swift */ = {isa = PBXFileReference; fileEncoding = 4; lastKnownFileType = sourcecode.swift; path = loginPresenter.swift; sourceTree = "<group>"; };
		2166B88D25E081BC008FE0A0 /* LoginViewController.xib */ = {isa = PBXFileReference; fileEncoding = 4; lastKnownFileType = file.xib; path = LoginViewController.xib; sourceTree = "<group>"; };
		2166B88E25E081BC008FE0A0 /* LoginViewController.swift */ = {isa = PBXFileReference; fileEncoding = 4; lastKnownFileType = sourcecode.swift; path = LoginViewController.swift; sourceTree = "<group>"; };
		2166B89025E081BC008FE0A0 /* Protocols.swift */ = {isa = PBXFileReference; fileEncoding = 4; lastKnownFileType = sourcecode.swift; path = Protocols.swift; sourceTree = "<group>"; };
		2166B89B25E081C8008FE0A0 /* RegistrationLocalizer.swift */ = {isa = PBXFileReference; fileEncoding = 4; lastKnownFileType = sourcecode.swift; path = RegistrationLocalizer.swift; sourceTree = "<group>"; };
		2166B89D25E081C8008FE0A0 /* Registration Presenter.swift */ = {isa = PBXFileReference; fileEncoding = 4; lastKnownFileType = sourcecode.swift; path = "Registration Presenter.swift"; sourceTree = "<group>"; };
		2166B8A025E081C8008FE0A0 /* RegistrationViewController.xib */ = {isa = PBXFileReference; fileEncoding = 4; lastKnownFileType = file.xib; path = RegistrationViewController.xib; sourceTree = "<group>"; };
		2166B8A125E081C8008FE0A0 /* RegistrationViewController.swift */ = {isa = PBXFileReference; fileEncoding = 4; lastKnownFileType = sourcecode.swift; path = RegistrationViewController.swift; sourceTree = "<group>"; };
		2166B8A325E081C8008FE0A0 /* RegistrationProtocols.swift */ = {isa = PBXFileReference; fileEncoding = 4; lastKnownFileType = sourcecode.swift; path = RegistrationProtocols.swift; sourceTree = "<group>"; };
		21A5A13425DB2D8A001A2F64 /* MyFarmLocalizer.swift */ = {isa = PBXFileReference; lastKnownFileType = sourcecode.swift; path = MyFarmLocalizer.swift; sourceTree = "<group>"; };
		50068C5A25E48A650097A870 /* MoreMenuImages.swift */ = {isa = PBXFileReference; fileEncoding = 4; lastKnownFileType = sourcecode.swift; path = MoreMenuImages.swift; sourceTree = "<group>"; };
		50068C5C25E48A650097A870 /* MoreMenuLocalizer.swift */ = {isa = PBXFileReference; fileEncoding = 4; lastKnownFileType = sourcecode.swift; path = MoreMenuLocalizer.swift; sourceTree = "<group>"; };
		50068C5E25E48A650097A870 /* MoreMenuPresenter.swift */ = {isa = PBXFileReference; fileEncoding = 4; lastKnownFileType = sourcecode.swift; path = MoreMenuPresenter.swift; sourceTree = "<group>"; };
		50068C6025E48A650097A870 /* MoreMenuModel.swift */ = {isa = PBXFileReference; fileEncoding = 4; lastKnownFileType = sourcecode.swift; path = MoreMenuModel.swift; sourceTree = "<group>"; };
		50068C6225E48A650097A870 /* MoreMenuUIModel.swift */ = {isa = PBXFileReference; fileEncoding = 4; lastKnownFileType = sourcecode.swift; path = MoreMenuUIModel.swift; sourceTree = "<group>"; };
		50068C6625E48A650097A870 /* MoreMenuCell.swift */ = {isa = PBXFileReference; fileEncoding = 4; lastKnownFileType = sourcecode.swift; path = MoreMenuCell.swift; sourceTree = "<group>"; };
		50068C6725E48A650097A870 /* MoreMenuCell.xib */ = {isa = PBXFileReference; fileEncoding = 4; lastKnownFileType = file.xib; path = MoreMenuCell.xib; sourceTree = "<group>"; };
		50068C6925E48A650097A870 /* MoreMenuViewController.xib */ = {isa = PBXFileReference; fileEncoding = 4; lastKnownFileType = file.xib; path = MoreMenuViewController.xib; sourceTree = "<group>"; };
		50068C6A25E48A650097A870 /* MoreMenuViewController.swift */ = {isa = PBXFileReference; fileEncoding = 4; lastKnownFileType = sourcecode.swift; path = MoreMenuViewController.swift; sourceTree = "<group>"; };
		50068C6C25E48A650097A870 /* MoreMenuProtocols.swift */ = {isa = PBXFileReference; fileEncoding = 4; lastKnownFileType = sourcecode.swift; path = MoreMenuProtocols.swift; sourceTree = "<group>"; };
		5019068F25D8913E002D55F1 /* LadyBug.app */ = {isa = PBXFileReference; explicitFileType = wrapper.application; includeInIndex = 0; path = LadyBug.app; sourceTree = BUILT_PRODUCTS_DIR; };
		5019069225D8913E002D55F1 /* AppDelegate.swift */ = {isa = PBXFileReference; lastKnownFileType = sourcecode.swift; path = AppDelegate.swift; sourceTree = "<group>"; };
		5019069B25D89140002D55F1 /* Assets.xcassets */ = {isa = PBXFileReference; lastKnownFileType = folder.assetcatalog; path = Assets.xcassets; sourceTree = "<group>"; };
		5019069E25D89140002D55F1 /* Base */ = {isa = PBXFileReference; lastKnownFileType = file.storyboard; name = Base; path = Base.lproj/LaunchScreen.storyboard; sourceTree = "<group>"; };
		501906A025D89140002D55F1 /* Info.plist */ = {isa = PBXFileReference; lastKnownFileType = text.plist.xml; path = Info.plist; sourceTree = "<group>"; };
		501F73F125DAB4CA00333F16 /* UserDefaults.swift */ = {isa = PBXFileReference; fileEncoding = 4; lastKnownFileType = sourcecode.swift; path = UserDefaults.swift; sourceTree = "<group>"; };
		501F73F625DAB54300333F16 /* UIView+Gradient.swift */ = {isa = PBXFileReference; fileEncoding = 4; lastKnownFileType = sourcecode.swift; path = "UIView+Gradient.swift"; sourceTree = "<group>"; };
		501F73F725DAB54300333F16 /* UIView+FromNib.swift */ = {isa = PBXFileReference; fileEncoding = 4; lastKnownFileType = sourcecode.swift; path = "UIView+FromNib.swift"; sourceTree = "<group>"; };
		501F73F825DAB54300333F16 /* UIView+RoundCorners.swift */ = {isa = PBXFileReference; fileEncoding = 4; lastKnownFileType = sourcecode.swift; path = "UIView+RoundCorners.swift"; sourceTree = "<group>"; };
		501F73F925DAB54300333F16 /* UIView+InterfaceLayoutDirection.swift */ = {isa = PBXFileReference; fileEncoding = 4; lastKnownFileType = sourcecode.swift; path = "UIView+InterfaceLayoutDirection.swift"; sourceTree = "<group>"; };
		501F73FA25DAB54300333F16 /* UIView+Shadow.swift */ = {isa = PBXFileReference; fileEncoding = 4; lastKnownFileType = sourcecode.swift; path = "UIView+Shadow.swift"; sourceTree = "<group>"; };
		501F73FB25DAB54300333F16 /* UIView+IBInspectable.swift */ = {isa = PBXFileReference; fileEncoding = 4; lastKnownFileType = sourcecode.swift; path = "UIView+IBInspectable.swift"; sourceTree = "<group>"; };
		501F740725DAB59200333F16 /* UIViewController+Present.swift */ = {isa = PBXFileReference; fileEncoding = 4; lastKnownFileType = sourcecode.swift; path = "UIViewController+Present.swift"; sourceTree = "<group>"; };
		501F740825DAB59200333F16 /* UIViewController+Keyboard.swift */ = {isa = PBXFileReference; fileEncoding = 4; lastKnownFileType = sourcecode.swift; path = "UIViewController+Keyboard.swift"; sourceTree = "<group>"; };
		501F740925DAB59200333F16 /* UIViewController+Alert.swift */ = {isa = PBXFileReference; fileEncoding = 4; lastKnownFileType = sourcecode.swift; path = "UIViewController+Alert.swift"; sourceTree = "<group>"; };
		501F741125DAB5DB00333F16 /* UILabel+LineSpacing.swift */ = {isa = PBXFileReference; fileEncoding = 4; lastKnownFileType = sourcecode.swift; path = "UILabel+LineSpacing.swift"; sourceTree = "<group>"; };
		503CB59E25E07AF700B7A393 /* ProductsViewController.swift */ = {isa = PBXFileReference; lastKnownFileType = sourcecode.swift; path = ProductsViewController.swift; sourceTree = "<group>"; };
		503CB59F25E07AF700B7A393 /* ProductsViewController.xib */ = {isa = PBXFileReference; lastKnownFileType = file.xib; path = ProductsViewController.xib; sourceTree = "<group>"; };
		503CB5A525E07B8100B7A393 /* ProductsLocalizer.swift */ = {isa = PBXFileReference; lastKnownFileType = sourcecode.swift; path = ProductsLocalizer.swift; sourceTree = "<group>"; };
		503CB5A925E07BA300B7A393 /* ProductsImages.swift */ = {isa = PBXFileReference; lastKnownFileType = sourcecode.swift; path = ProductsImages.swift; sourceTree = "<group>"; };
		503CB5AE25E07BCB00B7A393 /* ProductsPresenter.swift */ = {isa = PBXFileReference; lastKnownFileType = sourcecode.swift; path = ProductsPresenter.swift; sourceTree = "<group>"; };
		503CB5B225E07BE100B7A393 /* ProductsProtocols.swift */ = {isa = PBXFileReference; lastKnownFileType = sourcecode.swift; path = ProductsProtocols.swift; sourceTree = "<group>"; };
		503CB5B825E07DD900B7A393 /* ProductCell.swift */ = {isa = PBXFileReference; lastKnownFileType = sourcecode.swift; path = ProductCell.swift; sourceTree = "<group>"; };
		503CB5B925E07DD900B7A393 /* ProductCell.xib */ = {isa = PBXFileReference; lastKnownFileType = file.xib; path = ProductCell.xib; sourceTree = "<group>"; };
		503CB5C225E0A15F00B7A393 /* VideosViewController.swift */ = {isa = PBXFileReference; lastKnownFileType = sourcecode.swift; path = VideosViewController.swift; sourceTree = "<group>"; };
		503CB5C325E0A15F00B7A393 /* VideosViewController.xib */ = {isa = PBXFileReference; lastKnownFileType = file.xib; path = VideosViewController.xib; sourceTree = "<group>"; };
		503CB5C925E0A18100B7A393 /* VideosPresenter.swift */ = {isa = PBXFileReference; lastKnownFileType = sourcecode.swift; path = VideosPresenter.swift; sourceTree = "<group>"; };
		503CB5CE25E0A19800B7A393 /* VideosProtocols.swift */ = {isa = PBXFileReference; lastKnownFileType = sourcecode.swift; path = VideosProtocols.swift; sourceTree = "<group>"; };
		503CB5D325E0A1B200B7A393 /* VideosImages.swift */ = {isa = PBXFileReference; lastKnownFileType = sourcecode.swift; path = VideosImages.swift; sourceTree = "<group>"; };
		503CB5D925E0A1C400B7A393 /* VideosLocalizer.swift */ = {isa = PBXFileReference; lastKnownFileType = sourcecode.swift; path = VideosLocalizer.swift; sourceTree = "<group>"; };
		503CB5E225E0A23300B7A393 /* VideosCell.swift */ = {isa = PBXFileReference; lastKnownFileType = sourcecode.swift; path = VideosCell.swift; sourceTree = "<group>"; };
		503CB5E325E0A23300B7A393 /* VideosCell.xib */ = {isa = PBXFileReference; lastKnownFileType = file.xib; path = VideosCell.xib; sourceTree = "<group>"; };
		503DFC5625DB1F990093CAF2 /* HomeHeaderViewCell.swift */ = {isa = PBXFileReference; lastKnownFileType = sourcecode.swift; path = HomeHeaderViewCell.swift; sourceTree = "<group>"; };
		503DFC5725DB1F990093CAF2 /* HomeHeaderViewCell.xib */ = {isa = PBXFileReference; lastKnownFileType = file.xib; path = HomeHeaderViewCell.xib; sourceTree = "<group>"; };
		503DFC5D25DB2D5B0093CAF2 /* HeaderViewUIModel.swift */ = {isa = PBXFileReference; lastKnownFileType = sourcecode.swift; path = HeaderViewUIModel.swift; sourceTree = "<group>"; };
		503DFC6225DB34840093CAF2 /* HomeHeaderViewEditCell.swift */ = {isa = PBXFileReference; lastKnownFileType = sourcecode.swift; path = HomeHeaderViewEditCell.swift; sourceTree = "<group>"; };
		503DFC6325DB34840093CAF2 /* HomeHeaderViewEditCell.xib */ = {isa = PBXFileReference; lastKnownFileType = file.xib; path = HomeHeaderViewEditCell.xib; sourceTree = "<group>"; };
		503DFC6925DB385D0093CAF2 /* HomePostsCell.swift */ = {isa = PBXFileReference; lastKnownFileType = sourcecode.swift; path = HomePostsCell.swift; sourceTree = "<group>"; };
		503DFC6A25DB385D0093CAF2 /* HomePostsCell.xib */ = {isa = PBXFileReference; lastKnownFileType = file.xib; path = HomePostsCell.xib; sourceTree = "<group>"; };
		503F7A1625DAA69F00EBD730 /* HomeViewController.swift */ = {isa = PBXFileReference; lastKnownFileType = sourcecode.swift; path = HomeViewController.swift; sourceTree = "<group>"; };
		503F7A1725DAA69F00EBD730 /* HomeViewController.xib */ = {isa = PBXFileReference; lastKnownFileType = file.xib; path = HomeViewController.xib; sourceTree = "<group>"; };
		503F7A1E25DAAFD400EBD730 /* HomeImages.swift */ = {isa = PBXFileReference; lastKnownFileType = sourcecode.swift; path = HomeImages.swift; sourceTree = "<group>"; };
		503F7A2325DAB05000EBD730 /* HomeLocalizer.swift */ = {isa = PBXFileReference; lastKnownFileType = sourcecode.swift; path = HomeLocalizer.swift; sourceTree = "<group>"; };
		5072D39725DAD2D8005363CB /* HomeHeaderView.swift */ = {isa = PBXFileReference; lastKnownFileType = sourcecode.swift; path = HomeHeaderView.swift; sourceTree = "<group>"; };
		5072D39825DAD2D8005363CB /* HomeHeaderView.xib */ = {isa = PBXFileReference; lastKnownFileType = file.xib; path = HomeHeaderView.xib; sourceTree = "<group>"; };
		5072D39D25DAD485005363CB /* HomePresenter.swift */ = {isa = PBXFileReference; lastKnownFileType = sourcecode.swift; path = HomePresenter.swift; sourceTree = "<group>"; };
		5072D3A125DAD4B7005363CB /* HomeProtocols.swift */ = {isa = PBXFileReference; lastKnownFileType = sourcecode.swift; path = HomeProtocols.swift; sourceTree = "<group>"; };
		5090FBEB25E44CDE008D5B06 /* InterestedSelectionProtocols.swift */ = {isa = PBXFileReference; lastKnownFileType = sourcecode.swift; path = InterestedSelectionProtocols.swift; sourceTree = "<group>"; };
		5090FBF025E44D39008D5B06 /* InterestedSelectionImages.swift */ = {isa = PBXFileReference; lastKnownFileType = sourcecode.swift; path = InterestedSelectionImages.swift; sourceTree = "<group>"; };
		5090FBF525E44D4C008D5B06 /* InterestedSelectionLocalizer.swift */ = {isa = PBXFileReference; lastKnownFileType = sourcecode.swift; path = InterestedSelectionLocalizer.swift; sourceTree = "<group>"; };
		5090FBFA25E4515E008D5B06 /* InterestedSelectionUIModel.swift */ = {isa = PBXFileReference; lastKnownFileType = sourcecode.swift; path = InterestedSelectionUIModel.swift; sourceTree = "<group>"; };
		509643AA25E2EF860000FB60 /* AddPostViewController.swift */ = {isa = PBXFileReference; lastKnownFileType = sourcecode.swift; path = AddPostViewController.swift; sourceTree = "<group>"; };
		509643AB25E2EF860000FB60 /* AddPostViewController.xib */ = {isa = PBXFileReference; lastKnownFileType = file.xib; path = AddPostViewController.xib; sourceTree = "<group>"; };
		509643B025E2F0710000FB60 /* AddPostPresenter.swift */ = {isa = PBXFileReference; lastKnownFileType = sourcecode.swift; path = AddPostPresenter.swift; sourceTree = "<group>"; };
		509643B425E2F0990000FB60 /* AddPostProtocols.swift */ = {isa = PBXFileReference; lastKnownFileType = sourcecode.swift; path = AddPostProtocols.swift; sourceTree = "<group>"; };
		509643B925E2F1260000FB60 /* AddPostImages.swift */ = {isa = PBXFileReference; lastKnownFileType = sourcecode.swift; path = AddPostImages.swift; sourceTree = "<group>"; };
		509643BD25E2F1420000FB60 /* AddPostLocalizer.swift */ = {isa = PBXFileReference; lastKnownFileType = sourcecode.swift; path = AddPostLocalizer.swift; sourceTree = "<group>"; };
		509643C625E2F1C40000FB60 /* AddPostCell.swift */ = {isa = PBXFileReference; lastKnownFileType = sourcecode.swift; path = AddPostCell.swift; sourceTree = "<group>"; };
		509643C725E2F1C40000FB60 /* AddPostCell.xib */ = {isa = PBXFileReference; lastKnownFileType = file.xib; path = AddPostCell.xib; sourceTree = "<group>"; };
		509643CD25E2F6A20000FB60 /* AddPostUIModel.swift */ = {isa = PBXFileReference; lastKnownFileType = sourcecode.swift; path = AddPostUIModel.swift; sourceTree = "<group>"; };
		509643DC25E303180000FB60 /* ToolbarPickerView.swift */ = {isa = PBXFileReference; lastKnownFileType = sourcecode.swift; path = ToolbarPickerView.swift; sourceTree = "<group>"; };
		5099490C25E4642D0085CFBF /* ForgotImages.swift */ = {isa = PBXFileReference; fileEncoding = 4; lastKnownFileType = sourcecode.swift; path = ForgotImages.swift; sourceTree = "<group>"; };
		5099490E25E4642D0085CFBF /* ForgotLocalizer.swift */ = {isa = PBXFileReference; fileEncoding = 4; lastKnownFileType = sourcecode.swift; path = ForgotLocalizer.swift; sourceTree = "<group>"; };
		5099491025E4642D0085CFBF /* ForgotPresenter.swift */ = {isa = PBXFileReference; fileEncoding = 4; lastKnownFileType = sourcecode.swift; path = ForgotPresenter.swift; sourceTree = "<group>"; };
		5099491325E4642D0085CFBF /* ForgotPasswordViewController.swift */ = {isa = PBXFileReference; fileEncoding = 4; lastKnownFileType = sourcecode.swift; path = ForgotPasswordViewController.swift; sourceTree = "<group>"; };
		5099491425E4642D0085CFBF /* ForgotPasswordViewController.xib */ = {isa = PBXFileReference; fileEncoding = 4; lastKnownFileType = file.xib; path = ForgotPasswordViewController.xib; sourceTree = "<group>"; };
		5099491625E4642D0085CFBF /* ForgotProtocols.swift */ = {isa = PBXFileReference; fileEncoding = 4; lastKnownFileType = sourcecode.swift; path = ForgotProtocols.swift; sourceTree = "<group>"; };
		50A54C0A25E3FF180052F701 /* InterestedSelectionViewController.xib */ = {isa = PBXFileReference; fileEncoding = 4; lastKnownFileType = file.xib; path = InterestedSelectionViewController.xib; sourceTree = "<group>"; };
		50A54C0B25E3FF180052F701 /* InterestedSelectionViewController.swift */ = {isa = PBXFileReference; fileEncoding = 4; lastKnownFileType = sourcecode.swift; path = InterestedSelectionViewController.swift; sourceTree = "<group>"; };
		50A54C1125E3FF5C0052F701 /* InterestedSelectionCell.swift */ = {isa = PBXFileReference; lastKnownFileType = sourcecode.swift; path = InterestedSelectionCell.swift; sourceTree = "<group>"; };
		50A54C1225E3FF5C0052F701 /* InterestedSelectionCell.xib */ = {isa = PBXFileReference; lastKnownFileType = file.xib; path = InterestedSelectionCell.xib; sourceTree = "<group>"; };
		50A54C1725E400950052F701 /* InterestedSelectionHeaderView.swift */ = {isa = PBXFileReference; lastKnownFileType = sourcecode.swift; path = InterestedSelectionHeaderView.swift; sourceTree = "<group>"; };
		50A54C1825E400950052F701 /* InterestedSelectionHeaderView.xib */ = {isa = PBXFileReference; lastKnownFileType = file.xib; path = InterestedSelectionHeaderView.xib; sourceTree = "<group>"; };
		50A77D2F25D9EA550054E80D /* TabBarViewController.swift */ = {isa = PBXFileReference; lastKnownFileType = sourcecode.swift; path = TabBarViewController.swift; sourceTree = "<group>"; };
		50A77D3025D9EA550054E80D /* TabBarViewController.xib */ = {isa = PBXFileReference; lastKnownFileType = file.xib; path = TabBarViewController.xib; sourceTree = "<group>"; };
		50A77D3525D9EEE00054E80D /* TSRotger-Light.ttf */ = {isa = PBXFileReference; lastKnownFileType = file; path = "TSRotger-Light.ttf"; sourceTree = "<group>"; };
		50A77D3625D9EEE10054E80D /* TSRotger-Regular.ttf */ = {isa = PBXFileReference; lastKnownFileType = file; path = "TSRotger-Regular.ttf"; sourceTree = "<group>"; };
		50A77D3725D9EEE10054E80D /* TSRotger-Black.ttf */ = {isa = PBXFileReference; lastKnownFileType = file; path = "TSRotger-Black.ttf"; sourceTree = "<group>"; };
		50A77D3825D9EEE10054E80D /* TSRotger-Bold.ttf */ = {isa = PBXFileReference; lastKnownFileType = file; path = "TSRotger-Bold.ttf"; sourceTree = "<group>"; };
		50A77D3F25D9F2640054E80D /* TabBarLoclizer.swift */ = {isa = PBXFileReference; lastKnownFileType = sourcecode.swift; path = TabBarLoclizer.swift; sourceTree = "<group>"; };
		50A77D4425D9F2A10054E80D /* String.swift */ = {isa = PBXFileReference; lastKnownFileType = sourcecode.swift; path = String.swift; sourceTree = "<group>"; };
		50D6136725DC195100228385 /* CommonLocalizer.swift */ = {isa = PBXFileReference; lastKnownFileType = sourcecode.swift; path = CommonLocalizer.swift; sourceTree = "<group>"; };
		50D6136C25DC198900228385 /* CommonImages.swift */ = {isa = PBXFileReference; lastKnownFileType = sourcecode.swift; path = CommonImages.swift; sourceTree = "<group>"; };
		50D6137325DC1CEC00228385 /* MyFarmViewController.swift */ = {isa = PBXFileReference; lastKnownFileType = sourcecode.swift; path = MyFarmViewController.swift; sourceTree = "<group>"; };
		50D6137425DC1CEC00228385 /* MyFarmViewController.xib */ = {isa = PBXFileReference; lastKnownFileType = file.xib; path = MyFarmViewController.xib; sourceTree = "<group>"; };
		50D6137925DC1D2700228385 /* MyFarmImages.swift */ = {isa = PBXFileReference; lastKnownFileType = sourcecode.swift; path = MyFarmImages.swift; sourceTree = "<group>"; };
		50D6137D25DC206400228385 /* MyFarmWeatherHeaderView.swift */ = {isa = PBXFileReference; lastKnownFileType = sourcecode.swift; path = MyFarmWeatherHeaderView.swift; sourceTree = "<group>"; };
		50D6137E25DC206400228385 /* MyFarmWeatherHeaderView.xib */ = {isa = PBXFileReference; lastKnownFileType = file.xib; path = MyFarmWeatherHeaderView.xib; sourceTree = "<group>"; };
		50E3014A25D8A031008271B6 /* en */ = {isa = PBXFileReference; lastKnownFileType = text.plist.strings; name = en; path = en.lproj/Localizable.strings; sourceTree = "<group>"; };
		50E3014D25D8A035008271B6 /* ar */ = {isa = PBXFileReference; lastKnownFileType = text.plist.strings; name = ar; path = ar.lproj/Localizable.strings; sourceTree = "<group>"; };
		50E3015825D8A33E008271B6 /* LocalizerService.swift */ = {isa = PBXFileReference; fileEncoding = 4; lastKnownFileType = sourcecode.swift; path = LocalizerService.swift; sourceTree = "<group>"; };
		50E3015925D8A33E008271B6 /* Language.swift */ = {isa = PBXFileReference; fileEncoding = 4; lastKnownFileType = sourcecode.swift; path = Language.swift; sourceTree = "<group>"; };
		50E3015A25D8A33E008271B6 /* LanguageManager.swift */ = {isa = PBXFileReference; fileEncoding = 4; lastKnownFileType = sourcecode.swift; path = LanguageManager.swift; sourceTree = "<group>"; };
		50E6652125E40CDE00D48EA8 /* InterestedSelectionPresenter.swift */ = {isa = PBXFileReference; lastKnownFileType = sourcecode.swift; path = InterestedSelectionPresenter.swift; sourceTree = "<group>"; };
		50F0F30A25D9FA5E00F0517E /* UIColors.swift */ = {isa = PBXFileReference; lastKnownFileType = sourcecode.swift; path = UIColors.swift; sourceTree = "<group>"; };
		50F0F35B25DA04F400F0517E /* UIFont.swift */ = {isa = PBXFileReference; fileEncoding = 4; lastKnownFileType = sourcecode.swift; path = UIFont.swift; sourceTree = "<group>"; };
		50FA841E25DC4636008A9216 /* MyFarmPresenter.swift */ = {isa = PBXFileReference; lastKnownFileType = sourcecode.swift; path = MyFarmPresenter.swift; sourceTree = "<group>"; };
		50FA842225DC466D008A9216 /* MyFarmProtocols.swift */ = {isa = PBXFileReference; lastKnownFileType = sourcecode.swift; path = MyFarmProtocols.swift; sourceTree = "<group>"; };
		50FA843025DC49DA008A9216 /* FarmCell.swift */ = {isa = PBXFileReference; lastKnownFileType = sourcecode.swift; path = FarmCell.swift; sourceTree = "<group>"; };
		50FA843125DC49DA008A9216 /* FarmCell.xib */ = {isa = PBXFileReference; lastKnownFileType = file.xib; path = FarmCell.xib; sourceTree = "<group>"; };
		50FA849B25DC60EC008A9216 /* DynamicHeightCollectionView.swift */ = {isa = PBXFileReference; lastKnownFileType = sourcecode.swift; path = DynamicHeightCollectionView.swift; sourceTree = "<group>"; };
		50FA84A025DC6325008A9216 /* FarmDetailsView.swift */ = {isa = PBXFileReference; lastKnownFileType = sourcecode.swift; path = FarmDetailsView.swift; sourceTree = "<group>"; };
		50FA84A125DC6325008A9216 /* FarmDetailsView.xib */ = {isa = PBXFileReference; lastKnownFileType = file.xib; path = FarmDetailsView.xib; sourceTree = "<group>"; };
		50FA84A725DC6414008A9216 /* FarmDetailsCell.swift */ = {isa = PBXFileReference; lastKnownFileType = sourcecode.swift; path = FarmDetailsCell.swift; sourceTree = "<group>"; };
		50FA84A825DC6414008A9216 /* FarmDetailsCell.xib */ = {isa = PBXFileReference; lastKnownFileType = file.xib; path = FarmDetailsCell.xib; sourceTree = "<group>"; };
		E91CF55B22029C4B2363CECE /* Pods_LadyBug.framework */ = {isa = PBXFileReference; explicitFileType = wrapper.framework; includeInIndex = 0; path = Pods_LadyBug.framework; sourceTree = BUILT_PRODUCTS_DIR; };
		F24B7BEE370B48BED12C3B59 /* Pods-LadyBug.release.xcconfig */ = {isa = PBXFileReference; includeInIndex = 1; lastKnownFileType = text.xcconfig; name = "Pods-LadyBug.release.xcconfig"; path = "Target Support Files/Pods-LadyBug/Pods-LadyBug.release.xcconfig"; sourceTree = "<group>"; };
/* End PBXFileReference section */

/* Begin PBXFrameworksBuildPhase section */
		5019068C25D8913E002D55F1 /* Frameworks */ = {
			isa = PBXFrameworksBuildPhase;
			buildActionMask = 2147483647;
			files = (
				65E47962DF2E6F139812F4D2 /* Pods_LadyBug.framework in Frameworks */,
			);
			runOnlyForDeploymentPostprocessing = 0;
		};
/* End PBXFrameworksBuildPhase section */

/* Begin PBXGroup section */
		2166B88325E081BC008FE0A0 /* Login Module */ = {
			isa = PBXGroup;
			children = (
				2166B88425E081BC008FE0A0 /* Resources */,
				2166B88925E081BC008FE0A0 /* Presenter */,
				2166B88B25E081BC008FE0A0 /* view */,
				2166B88F25E081BC008FE0A0 /* Protocols */,
			);
			path = "Login Module";
			sourceTree = "<group>";
		};
		2166B88425E081BC008FE0A0 /* Resources */ = {
			isa = PBXGroup;
			children = (
				2166B88525E081BC008FE0A0 /* Images */,
				2166B88725E081BC008FE0A0 /* Localizer */,
			);
			path = Resources;
			sourceTree = "<group>";
		};
		2166B88525E081BC008FE0A0 /* Images */ = {
			isa = PBXGroup;
			children = (
				2166B88625E081BC008FE0A0 /* LoginImages.swift */,
			);
			path = Images;
			sourceTree = "<group>";
		};
		2166B88725E081BC008FE0A0 /* Localizer */ = {
			isa = PBXGroup;
			children = (
				2166B88825E081BC008FE0A0 /* LoginLoclizer.swift */,
			);
			path = Localizer;
			sourceTree = "<group>";
		};
		2166B88925E081BC008FE0A0 /* Presenter */ = {
			isa = PBXGroup;
			children = (
				2166B88A25E081BC008FE0A0 /* loginPresenter.swift */,
			);
			path = Presenter;
			sourceTree = "<group>";
		};
		2166B88B25E081BC008FE0A0 /* view */ = {
			isa = PBXGroup;
			children = (
				2166B88C25E081BC008FE0A0 /* ViewController */,
			);
			path = view;
			sourceTree = "<group>";
		};
		2166B88C25E081BC008FE0A0 /* ViewController */ = {
			isa = PBXGroup;
			children = (
				2166B88D25E081BC008FE0A0 /* LoginViewController.xib */,
				2166B88E25E081BC008FE0A0 /* LoginViewController.swift */,
			);
			path = ViewController;
			sourceTree = "<group>";
		};
		2166B88F25E081BC008FE0A0 /* Protocols */ = {
			isa = PBXGroup;
			children = (
				2166B89025E081BC008FE0A0 /* Protocols.swift */,
			);
			path = Protocols;
			sourceTree = "<group>";
		};
		2166B89725E081C8008FE0A0 /* Registration Module */ = {
			isa = PBXGroup;
			children = (
				2166B89825E081C8008FE0A0 /* Resources */,
				2166B89C25E081C8008FE0A0 /* Presenter */,
				2166B89E25E081C8008FE0A0 /* View */,
				2166B8A225E081C8008FE0A0 /* Protocols */,
			);
			path = "Registration Module";
			sourceTree = "<group>";
		};
		2166B89825E081C8008FE0A0 /* Resources */ = {
			isa = PBXGroup;
			children = (
				2166B89925E081C8008FE0A0 /* Images */,
				2166B89A25E081C8008FE0A0 /* Localizer */,
			);
			path = Resources;
			sourceTree = "<group>";
		};
		2166B89925E081C8008FE0A0 /* Images */ = {
			isa = PBXGroup;
			children = (
			);
			path = Images;
			sourceTree = "<group>";
		};
		2166B89A25E081C8008FE0A0 /* Localizer */ = {
			isa = PBXGroup;
			children = (
				2166B89B25E081C8008FE0A0 /* RegistrationLocalizer.swift */,
			);
			path = Localizer;
			sourceTree = "<group>";
		};
		2166B89C25E081C8008FE0A0 /* Presenter */ = {
			isa = PBXGroup;
			children = (
				2166B89D25E081C8008FE0A0 /* Registration Presenter.swift */,
			);
			path = Presenter;
			sourceTree = "<group>";
		};
		2166B89E25E081C8008FE0A0 /* View */ = {
			isa = PBXGroup;
			children = (
				2166B89F25E081C8008FE0A0 /* ViewController */,
			);
			path = View;
			sourceTree = "<group>";
		};
		2166B89F25E081C8008FE0A0 /* ViewController */ = {
			isa = PBXGroup;
			children = (
				2166B8A025E081C8008FE0A0 /* RegistrationViewController.xib */,
				2166B8A125E081C8008FE0A0 /* RegistrationViewController.swift */,
			);
			path = ViewController;
			sourceTree = "<group>";
		};
		2166B8A225E081C8008FE0A0 /* Protocols */ = {
			isa = PBXGroup;
			children = (
				2166B8A325E081C8008FE0A0 /* RegistrationProtocols.swift */,
			);
			path = Protocols;
			sourceTree = "<group>";
		};
		21A5A12E25DB2C54001A2F64 /* Resources */ = {
			isa = PBXGroup;
			children = (
				21A5A13125DB2CA4001A2F64 /* Localizer */,
			);
			path = Resources;
			sourceTree = "<group>";
		};
		21A5A13125DB2CA4001A2F64 /* Localizer */ = {
			isa = PBXGroup;
			children = (
				21A5A13425DB2D8A001A2F64 /* MyFarmLocalizer.swift */,
			);
			path = Localizer;
			sourceTree = "<group>";
		};
		50068C5725E48A650097A870 /* MoreMenu Module */ = {
			isa = PBXGroup;
			children = (
				50068C5825E48A650097A870 /* Resources */,
				50068C5D25E48A650097A870 /* Presenter */,
				50068C5F25E48A650097A870 /* Models */,
				50068C6325E48A650097A870 /* View */,
				50068C6B25E48A650097A870 /* Protocols */,
			);
			path = "MoreMenu Module";
			sourceTree = "<group>";
		};
		50068C5825E48A650097A870 /* Resources */ = {
			isa = PBXGroup;
			children = (
				50068C5925E48A650097A870 /* Images */,
				50068C5B25E48A650097A870 /* Localizer */,
			);
			path = Resources;
			sourceTree = "<group>";
		};
		50068C5925E48A650097A870 /* Images */ = {
			isa = PBXGroup;
			children = (
				50068C5A25E48A650097A870 /* MoreMenuImages.swift */,
			);
			path = Images;
			sourceTree = "<group>";
		};
		50068C5B25E48A650097A870 /* Localizer */ = {
			isa = PBXGroup;
			children = (
				50068C5C25E48A650097A870 /* MoreMenuLocalizer.swift */,
			);
			path = Localizer;
			sourceTree = "<group>";
		};
		50068C5D25E48A650097A870 /* Presenter */ = {
			isa = PBXGroup;
			children = (
				50068C5E25E48A650097A870 /* MoreMenuPresenter.swift */,
			);
			path = Presenter;
			sourceTree = "<group>";
		};
		50068C5F25E48A650097A870 /* Models */ = {
			isa = PBXGroup;
			children = (
				50068C6025E48A650097A870 /* MoreMenuModel.swift */,
				50068C6125E48A650097A870 /* UIModels */,
			);
			path = Models;
			sourceTree = "<group>";
		};
		50068C6125E48A650097A870 /* UIModels */ = {
			isa = PBXGroup;
			children = (
				50068C6225E48A650097A870 /* MoreMenuUIModel.swift */,
			);
			path = UIModels;
			sourceTree = "<group>";
		};
		50068C6325E48A650097A870 /* View */ = {
			isa = PBXGroup;
			children = (
				50068C6425E48A650097A870 /* SubViews */,
				50068C6825E48A650097A870 /* ViewController */,
			);
			path = View;
			sourceTree = "<group>";
		};
		50068C6425E48A650097A870 /* SubViews */ = {
			isa = PBXGroup;
			children = (
				50068C6525E48A650097A870 /* MoreMenuCell */,
			);
			path = SubViews;
			sourceTree = "<group>";
		};
		50068C6525E48A650097A870 /* MoreMenuCell */ = {
			isa = PBXGroup;
			children = (
				50068C6625E48A650097A870 /* MoreMenuCell.swift */,
				50068C6725E48A650097A870 /* MoreMenuCell.xib */,
			);
			path = MoreMenuCell;
			sourceTree = "<group>";
		};
		50068C6825E48A650097A870 /* ViewController */ = {
			isa = PBXGroup;
			children = (
				50068C6925E48A650097A870 /* MoreMenuViewController.xib */,
				50068C6A25E48A650097A870 /* MoreMenuViewController.swift */,
			);
			path = ViewController;
			sourceTree = "<group>";
		};
		50068C6B25E48A650097A870 /* Protocols */ = {
			isa = PBXGroup;
			children = (
				50068C6C25E48A650097A870 /* MoreMenuProtocols.swift */,
			);
			path = Protocols;
			sourceTree = "<group>";
		};
		5019068625D8913E002D55F1 = {
			isa = PBXGroup;
			children = (
				5019069125D8913E002D55F1 /* LadyBug */,
				5019069025D8913E002D55F1 /* Products */,
				58FA8C7A3D95FA81869A2CF0 /* Pods */,
				BF55E03A16A081008C6E96B0 /* Frameworks */,
			);
			sourceTree = "<group>";
		};
		5019069025D8913E002D55F1 /* Products */ = {
			isa = PBXGroup;
			children = (
				5019068F25D8913E002D55F1 /* LadyBug.app */,
			);
			name = Products;
			sourceTree = "<group>";
		};
		5019069125D8913E002D55F1 /* LadyBug */ = {
			isa = PBXGroup;
			children = (
				50E3015725D8A31D008271B6 /* Core */,
				50E3012525D899CA008271B6 /* Configurations */,
				50E3012125D89968008271B6 /* Resources */,
				50E3011F25D89950008271B6 /* Modules */,
			);
			path = LadyBug;
			sourceTree = "<group>";
		};
		501F73D225DAB3BF00333F16 /* View */ = {
			isa = PBXGroup;
			children = (
				501F73D425DAB41A00333F16 /* SubViews */,
				503F7A1525DAA68200EBD730 /* ViewController */,
			);
			path = View;
			sourceTree = "<group>";
		};
		501F73D425DAB41A00333F16 /* SubViews */ = {
			isa = PBXGroup;
			children = (
				503DFC5325DB1F5F0093CAF2 /* Cells */,
				5072D39625DAD2B9005363CB /* HeaderView */,
			);
			path = SubViews;
			sourceTree = "<group>";
		};
		501F73F025DAB4CA00333F16 /* UserDefaults */ = {
			isa = PBXGroup;
			children = (
				501F73F125DAB4CA00333F16 /* UserDefaults.swift */,
			);
			path = UserDefaults;
			sourceTree = "<group>";
		};
		501F73F425DAB54300333F16 /* UIView */ = {
			isa = PBXGroup;
			children = (
				501F73F625DAB54300333F16 /* UIView+Gradient.swift */,
				501F73F725DAB54300333F16 /* UIView+FromNib.swift */,
				501F73F825DAB54300333F16 /* UIView+RoundCorners.swift */,
				501F73F925DAB54300333F16 /* UIView+InterfaceLayoutDirection.swift */,
				501F73FA25DAB54300333F16 /* UIView+Shadow.swift */,
				501F73FB25DAB54300333F16 /* UIView+IBInspectable.swift */,
			);
			path = UIView;
			sourceTree = "<group>";
		};
		501F740525DAB59200333F16 /* UIViewController */ = {
			isa = PBXGroup;
			children = (
				501F740725DAB59200333F16 /* UIViewController+Present.swift */,
				501F740825DAB59200333F16 /* UIViewController+Keyboard.swift */,
				501F740925DAB59200333F16 /* UIViewController+Alert.swift */,
			);
			path = UIViewController;
			sourceTree = "<group>";
		};
		501F741025DAB5DB00333F16 /* UILabel */ = {
			isa = PBXGroup;
			children = (
				501F741125DAB5DB00333F16 /* UILabel+LineSpacing.swift */,
			);
			path = UILabel;
			sourceTree = "<group>";
		};
		503CB59925E06D5C00B7A393 /* Models */ = {
			isa = PBXGroup;
			children = (
			);
			path = Models;
			sourceTree = "<group>";
		};
		503CB59B25E07AD100B7A393 /* Products */ = {
			isa = PBXGroup;
			children = (
				503CB5B125E07BD200B7A393 /* Protocols */,
				503CB5AD25E07BBE00B7A393 /* Presenter */,
				503CB5A325E07B6800B7A393 /* Resources */,
				503CB59D25E07AE100B7A393 /* View */,
			);
			path = Products;
			sourceTree = "<group>";
		};
		503CB59C25E07AD900B7A393 /* ViewController */ = {
			isa = PBXGroup;
			children = (
				503CB59E25E07AF700B7A393 /* ProductsViewController.swift */,
				503CB59F25E07AF700B7A393 /* ProductsViewController.xib */,
			);
			path = ViewController;
			sourceTree = "<group>";
		};
		503CB59D25E07AE100B7A393 /* View */ = {
			isa = PBXGroup;
			children = (
				503CB5B625E07DA200B7A393 /* SubViews */,
				503CB59C25E07AD900B7A393 /* ViewController */,
			);
			path = View;
			sourceTree = "<group>";
		};
		503CB5A325E07B6800B7A393 /* Resources */ = {
			isa = PBXGroup;
			children = (
				503CB5A825E07B9600B7A393 /* Images */,
				503CB5A425E07B7100B7A393 /* Localizer */,
			);
			path = Resources;
			sourceTree = "<group>";
		};
		503CB5A425E07B7100B7A393 /* Localizer */ = {
			isa = PBXGroup;
			children = (
				503CB5A525E07B8100B7A393 /* ProductsLocalizer.swift */,
			);
			path = Localizer;
			sourceTree = "<group>";
		};
		503CB5A825E07B9600B7A393 /* Images */ = {
			isa = PBXGroup;
			children = (
				503CB5A925E07BA300B7A393 /* ProductsImages.swift */,
			);
			path = Images;
			sourceTree = "<group>";
		};
		503CB5AD25E07BBE00B7A393 /* Presenter */ = {
			isa = PBXGroup;
			children = (
				503CB5AE25E07BCB00B7A393 /* ProductsPresenter.swift */,
			);
			path = Presenter;
			sourceTree = "<group>";
		};
		503CB5B125E07BD200B7A393 /* Protocols */ = {
			isa = PBXGroup;
			children = (
				503CB5B225E07BE100B7A393 /* ProductsProtocols.swift */,
			);
			path = Protocols;
			sourceTree = "<group>";
		};
		503CB5B625E07DA200B7A393 /* SubViews */ = {
			isa = PBXGroup;
			children = (
				503CB5B725E07DA900B7A393 /* ProductCell */,
			);
			path = SubViews;
			sourceTree = "<group>";
		};
		503CB5B725E07DA900B7A393 /* ProductCell */ = {
			isa = PBXGroup;
			children = (
				503CB5B825E07DD900B7A393 /* ProductCell.swift */,
				503CB5B925E07DD900B7A393 /* ProductCell.xib */,
			);
			path = ProductCell;
			sourceTree = "<group>";
		};
		503CB5BF25E0A11200B7A393 /* Videos Module */ = {
			isa = PBXGroup;
			children = (
				503CB5D125E0A19D00B7A393 /* Resources */,
				503CB5CD25E0A18A00B7A393 /* Protocols */,
				503CB5C825E0A16B00B7A393 /* Presenter */,
				503CB5C025E0A13A00B7A393 /* View */,
			);
			path = "Videos Module";
			sourceTree = "<group>";
		};
		503CB5C025E0A13A00B7A393 /* View */ = {
			isa = PBXGroup;
			children = (
				503CB5DC25E0A20100B7A393 /* SubViews */,
				503CB5C125E0A13F00B7A393 /* ViewController */,
			);
			path = View;
			sourceTree = "<group>";
		};
		503CB5C125E0A13F00B7A393 /* ViewController */ = {
			isa = PBXGroup;
			children = (
				503CB5C225E0A15F00B7A393 /* VideosViewController.swift */,
				503CB5C325E0A15F00B7A393 /* VideosViewController.xib */,
			);
			path = ViewController;
			sourceTree = "<group>";
		};
		503CB5C825E0A16B00B7A393 /* Presenter */ = {
			isa = PBXGroup;
			children = (
				503CB5C925E0A18100B7A393 /* VideosPresenter.swift */,
			);
			path = Presenter;
			sourceTree = "<group>";
		};
		503CB5CD25E0A18A00B7A393 /* Protocols */ = {
			isa = PBXGroup;
			children = (
				503CB5CE25E0A19800B7A393 /* VideosProtocols.swift */,
			);
			path = Protocols;
			sourceTree = "<group>";
		};
		503CB5D125E0A19D00B7A393 /* Resources */ = {
			isa = PBXGroup;
			children = (
				503CB5D725E0A1B500B7A393 /* Localizer */,
				503CB5D225E0A1A400B7A393 /* Images */,
			);
			path = Resources;
			sourceTree = "<group>";
		};
		503CB5D225E0A1A400B7A393 /* Images */ = {
			isa = PBXGroup;
			children = (
				503CB5D325E0A1B200B7A393 /* VideosImages.swift */,
			);
			path = Images;
			sourceTree = "<group>";
		};
		503CB5D725E0A1B500B7A393 /* Localizer */ = {
			isa = PBXGroup;
			children = (
				503CB5D925E0A1C400B7A393 /* VideosLocalizer.swift */,
			);
			path = Localizer;
			sourceTree = "<group>";
		};
		503CB5DC25E0A20100B7A393 /* SubViews */ = {
			isa = PBXGroup;
			children = (
				503CB5DD25E0A20900B7A393 /* VideosCell */,
			);
			path = SubViews;
			sourceTree = "<group>";
		};
		503CB5DD25E0A20900B7A393 /* VideosCell */ = {
			isa = PBXGroup;
			children = (
				503CB5E225E0A23300B7A393 /* VideosCell.swift */,
				503CB5E325E0A23300B7A393 /* VideosCell.xib */,
			);
			path = VideosCell;
			sourceTree = "<group>";
		};
		503DFC5325DB1F5F0093CAF2 /* Cells */ = {
			isa = PBXGroup;
			children = (
				503DFC6825DB383C0093CAF2 /* PostCell */,
				503DFC6125DB346C0093CAF2 /* HomeHeaderViewEditCell */,
				503DFC5525DB1F790093CAF2 /* HomeHeaderViewCell */,
			);
			path = Cells;
			sourceTree = "<group>";
		};
		503DFC5525DB1F790093CAF2 /* HomeHeaderViewCell */ = {
			isa = PBXGroup;
			children = (
				503DFC5625DB1F990093CAF2 /* HomeHeaderViewCell.swift */,
				503DFC5725DB1F990093CAF2 /* HomeHeaderViewCell.xib */,
			);
			path = HomeHeaderViewCell;
			sourceTree = "<group>";
		};
		503DFC5C25DB2D3C0093CAF2 /* Models */ = {
			isa = PBXGroup;
			children = (
				503DFC5D25DB2D5B0093CAF2 /* HeaderViewUIModel.swift */,
			);
			path = Models;
			sourceTree = "<group>";
		};
		503DFC6125DB346C0093CAF2 /* HomeHeaderViewEditCell */ = {
			isa = PBXGroup;
			children = (
				503DFC6225DB34840093CAF2 /* HomeHeaderViewEditCell.swift */,
				503DFC6325DB34840093CAF2 /* HomeHeaderViewEditCell.xib */,
			);
			path = HomeHeaderViewEditCell;
			sourceTree = "<group>";
		};
		503DFC6825DB383C0093CAF2 /* PostCell */ = {
			isa = PBXGroup;
			children = (
				503DFC6925DB385D0093CAF2 /* HomePostsCell.swift */,
				503DFC6A25DB385D0093CAF2 /* HomePostsCell.xib */,
			);
			path = PostCell;
			sourceTree = "<group>";
		};
		503F7A1325DAA63100EBD730 /* Home Module */ = {
			isa = PBXGroup;
			children = (
				503DFC5C25DB2D3C0093CAF2 /* Models */,
				5072D3A025DAD4A7005363CB /* Protocols */,
				5072D39C25DAD46D005363CB /* Presenter */,
				503F7A1C25DAAFBA00EBD730 /* Resources */,
				501F73D225DAB3BF00333F16 /* View */,
			);
			path = "Home Module";
			sourceTree = "<group>";
		};
		503F7A1525DAA68200EBD730 /* ViewController */ = {
			isa = PBXGroup;
			children = (
				503F7A1625DAA69F00EBD730 /* HomeViewController.swift */,
				503F7A1725DAA69F00EBD730 /* HomeViewController.xib */,
			);
			path = ViewController;
			sourceTree = "<group>";
		};
		503F7A1C25DAAFBA00EBD730 /* Resources */ = {
			isa = PBXGroup;
			children = (
				503F7A2225DAB03F00EBD730 /* Localizer */,
				503F7A1D25DAAFC200EBD730 /* Images */,
			);
			path = Resources;
			sourceTree = "<group>";
		};
		503F7A1D25DAAFC200EBD730 /* Images */ = {
			isa = PBXGroup;
			children = (
				503F7A1E25DAAFD400EBD730 /* HomeImages.swift */,
			);
			path = Images;
			sourceTree = "<group>";
		};
		503F7A2225DAB03F00EBD730 /* Localizer */ = {
			isa = PBXGroup;
			children = (
				503F7A2325DAB05000EBD730 /* HomeLocalizer.swift */,
			);
			path = Localizer;
			sourceTree = "<group>";
		};
		5072D39625DAD2B9005363CB /* HeaderView */ = {
			isa = PBXGroup;
			children = (
				5072D39725DAD2D8005363CB /* HomeHeaderView.swift */,
				5072D39825DAD2D8005363CB /* HomeHeaderView.xib */,
			);
			path = HeaderView;
			sourceTree = "<group>";
		};
		5072D39C25DAD46D005363CB /* Presenter */ = {
			isa = PBXGroup;
			children = (
				5072D39D25DAD485005363CB /* HomePresenter.swift */,
			);
			path = Presenter;
			sourceTree = "<group>";
		};
		5072D3A025DAD4A7005363CB /* Protocols */ = {
			isa = PBXGroup;
			children = (
				5072D3A125DAD4B7005363CB /* HomeProtocols.swift */,
			);
			path = Protocols;
			sourceTree = "<group>";
		};
		5090FBEA25E44CAA008D5B06 /* Protocols */ = {
			isa = PBXGroup;
			children = (
				5090FBEB25E44CDE008D5B06 /* InterestedSelectionProtocols.swift */,
			);
			path = Protocols;
			sourceTree = "<group>";
		};
		5090FBEE25E44D0C008D5B06 /* Resources */ = {
			isa = PBXGroup;
			children = (
				5090FBF425E44D3C008D5B06 /* Localizer */,
				5090FBEF25E44D16008D5B06 /* Images */,
			);
			path = Resources;
			sourceTree = "<group>";
		};
		5090FBEF25E44D16008D5B06 /* Images */ = {
			isa = PBXGroup;
			children = (
				5090FBF025E44D39008D5B06 /* InterestedSelectionImages.swift */,
			);
			path = Images;
			sourceTree = "<group>";
		};
		5090FBF425E44D3C008D5B06 /* Localizer */ = {
			isa = PBXGroup;
			children = (
				5090FBF525E44D4C008D5B06 /* InterestedSelectionLocalizer.swift */,
			);
			path = Localizer;
			sourceTree = "<group>";
		};
		5090FBF925E45141008D5B06 /* Models */ = {
			isa = PBXGroup;
			children = (
				5090FBFA25E4515E008D5B06 /* InterestedSelectionUIModel.swift */,
			);
			path = Models;
			sourceTree = "<group>";
		};
		509643A725E2EF3E0000FB60 /* AddPost Module */ = {
			isa = PBXGroup;
			children = (
				509643CC25E2F6920000FB60 /* Models */,
				509643B725E2F1110000FB60 /* Resources */,
				509643B325E2F0820000FB60 /* Protocols */,
				509643AF25E2F05D0000FB60 /* Presenter */,
				509643A825E2EF540000FB60 /* View */,
			);
			path = "AddPost Module";
			sourceTree = "<group>";
		};
		509643A825E2EF540000FB60 /* View */ = {
			isa = PBXGroup;
			children = (
				509643C025E2F1920000FB60 /* SubViews */,
				509643A925E2EF580000FB60 /* ViewController */,
			);
			path = View;
			sourceTree = "<group>";
		};
		509643A925E2EF580000FB60 /* ViewController */ = {
			isa = PBXGroup;
			children = (
				509643AA25E2EF860000FB60 /* AddPostViewController.swift */,
				509643AB25E2EF860000FB60 /* AddPostViewController.xib */,
			);
			path = ViewController;
			sourceTree = "<group>";
		};
		509643AF25E2F05D0000FB60 /* Presenter */ = {
			isa = PBXGroup;
			children = (
				509643B025E2F0710000FB60 /* AddPostPresenter.swift */,
			);
			path = Presenter;
			sourceTree = "<group>";
		};
		509643B325E2F0820000FB60 /* Protocols */ = {
			isa = PBXGroup;
			children = (
				509643B425E2F0990000FB60 /* AddPostProtocols.swift */,
			);
			path = Protocols;
			sourceTree = "<group>";
		};
		509643B725E2F1110000FB60 /* Resources */ = {
			isa = PBXGroup;
			children = (
				509643BC25E2F1320000FB60 /* Localizer */,
				509643B825E2F1180000FB60 /* Images */,
			);
			path = Resources;
			sourceTree = "<group>";
		};
		509643B825E2F1180000FB60 /* Images */ = {
			isa = PBXGroup;
			children = (
				509643B925E2F1260000FB60 /* AddPostImages.swift */,
			);
			path = Images;
			sourceTree = "<group>";
		};
		509643BC25E2F1320000FB60 /* Localizer */ = {
			isa = PBXGroup;
			children = (
				509643BD25E2F1420000FB60 /* AddPostLocalizer.swift */,
			);
			path = Localizer;
			sourceTree = "<group>";
		};
		509643C025E2F1920000FB60 /* SubViews */ = {
			isa = PBXGroup;
			children = (
				509643C525E2F1AB0000FB60 /* AddPostCell */,
			);
			path = SubViews;
			sourceTree = "<group>";
		};
		509643C525E2F1AB0000FB60 /* AddPostCell */ = {
			isa = PBXGroup;
			children = (
				509643C625E2F1C40000FB60 /* AddPostCell.swift */,
				509643C725E2F1C40000FB60 /* AddPostCell.xib */,
			);
			path = AddPostCell;
			sourceTree = "<group>";
		};
		509643CC25E2F6920000FB60 /* Models */ = {
			isa = PBXGroup;
			children = (
				509643CD25E2F6A20000FB60 /* AddPostUIModel.swift */,
			);
			path = Models;
			sourceTree = "<group>";
		};
		509643DB25E303110000FB60 /* ToolbarPickerView */ = {
			isa = PBXGroup;
			children = (
				509643DC25E303180000FB60 /* ToolbarPickerView.swift */,
			);
			path = ToolbarPickerView;
			sourceTree = "<group>";
		};
		5099490925E4642D0085CFBF /* ForgotPassword */ = {
			isa = PBXGroup;
			children = (
				5099490A25E4642D0085CFBF /* Resources */,
				5099490F25E4642D0085CFBF /* Presenter */,
				5099491125E4642D0085CFBF /* View */,
				5099491525E4642D0085CFBF /* Protocols */,
			);
			path = ForgotPassword;
			sourceTree = "<group>";
		};
		5099490A25E4642D0085CFBF /* Resources */ = {
			isa = PBXGroup;
			children = (
				5099490B25E4642D0085CFBF /* Images */,
				5099490D25E4642D0085CFBF /* Localizer */,
			);
			path = Resources;
			sourceTree = "<group>";
		};
		5099490B25E4642D0085CFBF /* Images */ = {
			isa = PBXGroup;
			children = (
				5099490C25E4642D0085CFBF /* ForgotImages.swift */,
			);
			path = Images;
			sourceTree = "<group>";
		};
		5099490D25E4642D0085CFBF /* Localizer */ = {
			isa = PBXGroup;
			children = (
				5099490E25E4642D0085CFBF /* ForgotLocalizer.swift */,
			);
			path = Localizer;
			sourceTree = "<group>";
		};
		5099490F25E4642D0085CFBF /* Presenter */ = {
			isa = PBXGroup;
			children = (
				5099491025E4642D0085CFBF /* ForgotPresenter.swift */,
			);
			path = Presenter;
			sourceTree = "<group>";
		};
		5099491125E4642D0085CFBF /* View */ = {
			isa = PBXGroup;
			children = (
				5099491225E4642D0085CFBF /* ViewController */,
			);
			path = View;
			sourceTree = "<group>";
		};
		5099491225E4642D0085CFBF /* ViewController */ = {
			isa = PBXGroup;
			children = (
				5099491325E4642D0085CFBF /* ForgotPasswordViewController.swift */,
				5099491425E4642D0085CFBF /* ForgotPasswordViewController.xib */,
			);
			path = ViewController;
			sourceTree = "<group>";
		};
		5099491525E4642D0085CFBF /* Protocols */ = {
			isa = PBXGroup;
			children = (
				5099491625E4642D0085CFBF /* ForgotProtocols.swift */,
			);
			path = Protocols;
			sourceTree = "<group>";
		};
		50A54C0725E3FF180052F701 /* InterestedSelection Module */ = {
			isa = PBXGroup;
			children = (
				5090FBF925E45141008D5B06 /* Models */,
				5090FBEE25E44D0C008D5B06 /* Resources */,
				5090FBEA25E44CAA008D5B06 /* Protocols */,
				50A54C1D25E40C7E0052F701 /* Presenter */,
				50A54C0825E3FF180052F701 /* View */,
			);
			path = "InterestedSelection Module";
			sourceTree = "<group>";
		};
		50A54C0825E3FF180052F701 /* View */ = {
			isa = PBXGroup;
			children = (
				50A54C0F25E3FF220052F701 /* SubViews */,
				50A54C0925E3FF180052F701 /* ViewController */,
			);
			path = View;
			sourceTree = "<group>";
		};
		50A54C0925E3FF180052F701 /* ViewController */ = {
			isa = PBXGroup;
			children = (
				50A54C0A25E3FF180052F701 /* InterestedSelectionViewController.xib */,
				50A54C0B25E3FF180052F701 /* InterestedSelectionViewController.swift */,
			);
			path = ViewController;
			sourceTree = "<group>";
		};
		50A54C0F25E3FF220052F701 /* SubViews */ = {
			isa = PBXGroup;
			children = (
				50A54C1625E4003F0052F701 /* InterestedSelectionHeader */,
				50A54C1025E3FF280052F701 /* InterestedSelectionCell */,
			);
			path = SubViews;
			sourceTree = "<group>";
		};
		50A54C1025E3FF280052F701 /* InterestedSelectionCell */ = {
			isa = PBXGroup;
			children = (
				50A54C1125E3FF5C0052F701 /* InterestedSelectionCell.swift */,
				50A54C1225E3FF5C0052F701 /* InterestedSelectionCell.xib */,
			);
			path = InterestedSelectionCell;
			sourceTree = "<group>";
		};
		50A54C1625E4003F0052F701 /* InterestedSelectionHeader */ = {
			isa = PBXGroup;
			children = (
				50A54C1725E400950052F701 /* InterestedSelectionHeaderView.swift */,
				50A54C1825E400950052F701 /* InterestedSelectionHeaderView.xib */,
			);
			path = InterestedSelectionHeader;
			sourceTree = "<group>";
		};
		50A54C1D25E40C7E0052F701 /* Presenter */ = {
			isa = PBXGroup;
			children = (
				50E6652125E40CDE00D48EA8 /* InterestedSelectionPresenter.swift */,
			);
			path = Presenter;
			sourceTree = "<group>";
		};
		50A77D2D25D9E9100054E80D /* TabBar Module */ = {
			isa = PBXGroup;
			children = (
				50A77D3E25D9F2500054E80D /* Localizer */,
				50A77D2E25D9EA120054E80D /* ViewController */,
			);
			path = "TabBar Module";
			sourceTree = "<group>";
		};
		50A77D2E25D9EA120054E80D /* ViewController */ = {
			isa = PBXGroup;
			children = (
				50A77D2F25D9EA550054E80D /* TabBarViewController.swift */,
				50A77D3025D9EA550054E80D /* TabBarViewController.xib */,
			);
			path = ViewController;
			sourceTree = "<group>";
		};
		50A77D3425D9EED00054E80D /* Fonts */ = {
			isa = PBXGroup;
			children = (
				50A77D3725D9EEE10054E80D /* TSRotger-Black.ttf */,
				50A77D3825D9EEE10054E80D /* TSRotger-Bold.ttf */,
				50A77D3525D9EEE00054E80D /* TSRotger-Light.ttf */,
				50A77D3625D9EEE10054E80D /* TSRotger-Regular.ttf */,
			);
			path = Fonts;
			sourceTree = "<group>";
		};
		50A77D3E25D9F2500054E80D /* Localizer */ = {
			isa = PBXGroup;
			children = (
				50A77D3F25D9F2640054E80D /* TabBarLoclizer.swift */,
			);
			path = Localizer;
			sourceTree = "<group>";
		};
		50A77D4325D9F2890054E80D /* Extensions */ = {
			isa = PBXGroup;
			children = (
				501F741025DAB5DB00333F16 /* UILabel */,
				501F740525DAB59200333F16 /* UIViewController */,
				501F73F425DAB54300333F16 /* UIView */,
				501F73F025DAB4CA00333F16 /* UserDefaults */,
				50F0F35A25DA04D900F0517E /* UIFont */,
				50F0F30925D9FA3800F0517E /* UIColor */,
				50A77D4725D9F2A40054E80D /* String */,
			);
			path = Extensions;
			sourceTree = "<group>";
		};
		50A77D4725D9F2A40054E80D /* String */ = {
			isa = PBXGroup;
			children = (
				50A77D4425D9F2A10054E80D /* String.swift */,
			);
			path = String;
			sourceTree = "<group>";
		};
		50D6136625DC192F00228385 /* Common */ = {
			isa = PBXGroup;
			children = (
				50D6136725DC195100228385 /* CommonLocalizer.swift */,
			);
			path = Common;
			sourceTree = "<group>";
		};
		50D6136B25DC197F00228385 /* Common */ = {
			isa = PBXGroup;
			children = (
				50D6136C25DC198900228385 /* CommonImages.swift */,
			);
			path = Common;
			sourceTree = "<group>";
		};
		50D6137025DC1CA900228385 /* MyFarm */ = {
			isa = PBXGroup;
			children = (
				503CB59925E06D5C00B7A393 /* Models */,
				21A5A12E25DB2C54001A2F64 /* Resources */,
				50FA842125DC465B008A9216 /* Protocols */,
				50FA841D25DC461A008A9216 /* Presenter */,
				50D6137825DC1D0700228385 /* Images */,
				50D6137125DC1CAF00228385 /* View */,
			);
			path = MyFarm;
			sourceTree = "<group>";
		};
		50D6137125DC1CAF00228385 /* View */ = {
			isa = PBXGroup;
			children = (
				50FA842725DC47C2008A9216 /* SubViews */,
				50D6137C25DC202900228385 /* WeatherHeaderView */,
				50D6137225DC1CB900228385 /* ViewController */,
			);
			path = View;
			sourceTree = "<group>";
		};
		50D6137225DC1CB900228385 /* ViewController */ = {
			isa = PBXGroup;
			children = (
				50D6137325DC1CEC00228385 /* MyFarmViewController.swift */,
				50D6137425DC1CEC00228385 /* MyFarmViewController.xib */,
			);
			path = ViewController;
			sourceTree = "<group>";
		};
		50D6137825DC1D0700228385 /* Images */ = {
			isa = PBXGroup;
			children = (
				50D6137925DC1D2700228385 /* MyFarmImages.swift */,
			);
			path = Images;
			sourceTree = "<group>";
		};
		50D6137C25DC202900228385 /* WeatherHeaderView */ = {
			isa = PBXGroup;
			children = (
				50D6137D25DC206400228385 /* MyFarmWeatherHeaderView.swift */,
				50D6137E25DC206400228385 /* MyFarmWeatherHeaderView.xib */,
			);
			path = WeatherHeaderView;
			sourceTree = "<group>";
		};
		50E3011F25D89950008271B6 /* Modules */ = {
			isa = PBXGroup;
			children = (
				50068C5725E48A650097A870 /* MoreMenu Module */,
				5099490925E4642D0085CFBF /* ForgotPassword */,
				50A54C0725E3FF180052F701 /* InterestedSelection Module */,
				509643A725E2EF3E0000FB60 /* AddPost Module */,
				503CB5BF25E0A11200B7A393 /* Videos Module */,
				2166B89725E081C8008FE0A0 /* Registration Module */,
				2166B88325E081BC008FE0A0 /* Login Module */,
				503CB59B25E07AD100B7A393 /* Products */,
				50D6137025DC1CA900228385 /* MyFarm */,
				503F7A1325DAA63100EBD730 /* Home Module */,
				50A77D2D25D9E9100054E80D /* TabBar Module */,
				50E3012025D89956008271B6 /* AppDelegate */,
			);
			path = Modules;
			sourceTree = "<group>";
		};
		50E3012025D89956008271B6 /* AppDelegate */ = {
			isa = PBXGroup;
			children = (
				5019069225D8913E002D55F1 /* AppDelegate.swift */,
			);
			path = AppDelegate;
			sourceTree = "<group>";
		};
		50E3012125D89968008271B6 /* Resources */ = {
			isa = PBXGroup;
			children = (
				50A77D3425D9EED00054E80D /* Fonts */,
				50E3012225D89976008271B6 /* Assets */,
				50E3012325D8997D008271B6 /* Storyboard */,
				50E3014E25D8A04C008271B6 /* Localization */,
			);
			path = Resources;
			sourceTree = "<group>";
		};
		50E3012225D89976008271B6 /* Assets */ = {
			isa = PBXGroup;
			children = (
				50D6136B25DC197F00228385 /* Common */,
				5019069B25D89140002D55F1 /* Assets.xcassets */,
			);
			path = Assets;
			sourceTree = "<group>";
		};
		50E3012325D8997D008271B6 /* Storyboard */ = {
			isa = PBXGroup;
			children = (
				5019069D25D89140002D55F1 /* LaunchScreen.storyboard */,
			);
			path = Storyboard;
			sourceTree = "<group>";
		};
		50E3012525D899CA008271B6 /* Configurations */ = {
			isa = PBXGroup;
			children = (
				50E3012625D899D3008271B6 /* Plist */,
			);
			path = Configurations;
			sourceTree = "<group>";
		};
		50E3012625D899D3008271B6 /* Plist */ = {
			isa = PBXGroup;
			children = (
				501906A025D89140002D55F1 /* Info.plist */,
			);
			path = Plist;
			sourceTree = "<group>";
		};
		50E3014E25D8A04C008271B6 /* Localization */ = {
			isa = PBXGroup;
			children = (
				50D6136625DC192F00228385 /* Common */,
				50E3014B25D8A031008271B6 /* Localizable.strings */,
			);
			path = Localization;
			sourceTree = "<group>";
		};
		50E3015725D8A31D008271B6 /* Core */ = {
			isa = PBXGroup;
			children = (
				50FA849925DC60D1008A9216 /* UIViews */,
				50A77D4325D9F2890054E80D /* Extensions */,
				50E3015F25D8A42B008271B6 /* LocalizationService */,
			);
			path = Core;
			sourceTree = "<group>";
		};
		50E3015F25D8A42B008271B6 /* LocalizationService */ = {
			isa = PBXGroup;
			children = (
				50E3015925D8A33E008271B6 /* Language.swift */,
				50E3015A25D8A33E008271B6 /* LanguageManager.swift */,
				50E3015825D8A33E008271B6 /* LocalizerService.swift */,
			);
			path = LocalizationService;
			sourceTree = "<group>";
		};
		50F0F30925D9FA3800F0517E /* UIColor */ = {
			isa = PBXGroup;
			children = (
				50F0F30A25D9FA5E00F0517E /* UIColors.swift */,
			);
			path = UIColor;
			sourceTree = "<group>";
		};
		50F0F35A25DA04D900F0517E /* UIFont */ = {
			isa = PBXGroup;
			children = (
				50F0F35B25DA04F400F0517E /* UIFont.swift */,
			);
			path = UIFont;
			sourceTree = "<group>";
		};
		50FA841D25DC461A008A9216 /* Presenter */ = {
			isa = PBXGroup;
			children = (
				50FA841E25DC4636008A9216 /* MyFarmPresenter.swift */,
			);
			path = Presenter;
			sourceTree = "<group>";
		};
		50FA842125DC465B008A9216 /* Protocols */ = {
			isa = PBXGroup;
			children = (
				50FA842225DC466D008A9216 /* MyFarmProtocols.swift */,
			);
			path = Protocols;
			sourceTree = "<group>";
		};
		50FA842725DC47C2008A9216 /* SubViews */ = {
			isa = PBXGroup;
			children = (
				50FA84A625DC63F4008A9216 /* FarmDetailsCell */,
				50FA849F25DC62C9008A9216 /* FarmDetailsView */,
				50FA842825DC47CD008A9216 /* FarmCell */,
			);
			path = SubViews;
			sourceTree = "<group>";
		};
		50FA842825DC47CD008A9216 /* FarmCell */ = {
			isa = PBXGroup;
			children = (
				50FA843025DC49DA008A9216 /* FarmCell.swift */,
				50FA843125DC49DA008A9216 /* FarmCell.xib */,
			);
			path = FarmCell;
			sourceTree = "<group>";
		};
		50FA849925DC60D1008A9216 /* UIViews */ = {
			isa = PBXGroup;
			children = (
				509643DB25E303110000FB60 /* ToolbarPickerView */,
				50FA849A25DC60D9008A9216 /* DynamicCollectionView */,
			);
			path = UIViews;
			sourceTree = "<group>";
		};
		50FA849A25DC60D9008A9216 /* DynamicCollectionView */ = {
			isa = PBXGroup;
			children = (
				50FA849B25DC60EC008A9216 /* DynamicHeightCollectionView.swift */,
			);
			path = DynamicCollectionView;
			sourceTree = "<group>";
		};
		50FA849F25DC62C9008A9216 /* FarmDetailsView */ = {
			isa = PBXGroup;
			children = (
				50FA84A025DC6325008A9216 /* FarmDetailsView.swift */,
				50FA84A125DC6325008A9216 /* FarmDetailsView.xib */,
			);
			path = FarmDetailsView;
			sourceTree = "<group>";
		};
		50FA84A625DC63F4008A9216 /* FarmDetailsCell */ = {
			isa = PBXGroup;
			children = (
				50FA84A725DC6414008A9216 /* FarmDetailsCell.swift */,
				50FA84A825DC6414008A9216 /* FarmDetailsCell.xib */,
			);
			path = FarmDetailsCell;
			sourceTree = "<group>";
		};
		58FA8C7A3D95FA81869A2CF0 /* Pods */ = {
			isa = PBXGroup;
			children = (
				18D5F9EFE1E8196E8B75D545 /* Pods-LadyBug.debug.xcconfig */,
				F24B7BEE370B48BED12C3B59 /* Pods-LadyBug.release.xcconfig */,
			);
			path = Pods;
			sourceTree = "<group>";
		};
		BF55E03A16A081008C6E96B0 /* Frameworks */ = {
			isa = PBXGroup;
			children = (
				E91CF55B22029C4B2363CECE /* Pods_LadyBug.framework */,
			);
			name = Frameworks;
			sourceTree = "<group>";
		};
/* End PBXGroup section */

/* Begin PBXNativeTarget section */
		5019068E25D8913E002D55F1 /* LadyBug */ = {
			isa = PBXNativeTarget;
			buildConfigurationList = 501906A325D89140002D55F1 /* Build configuration list for PBXNativeTarget "LadyBug" */;
			buildPhases = (
				FD22FB7EE768D38E5E87D2D8 /* [CP] Check Pods Manifest.lock */,
				5019068B25D8913E002D55F1 /* Sources */,
				5019068C25D8913E002D55F1 /* Frameworks */,
				5019068D25D8913E002D55F1 /* Resources */,
			);
			buildRules = (
			);
			dependencies = (
			);
			name = LadyBug;
			productName = LadyBug;
			productReference = 5019068F25D8913E002D55F1 /* LadyBug.app */;
			productType = "com.apple.product-type.application";
		};
/* End PBXNativeTarget section */

/* Begin PBXProject section */
		5019068725D8913E002D55F1 /* Project object */ = {
			isa = PBXProject;
			attributes = {
				LastSwiftUpdateCheck = 1240;
				LastUpgradeCheck = 1240;
				TargetAttributes = {
					5019068E25D8913E002D55F1 = {
						CreatedOnToolsVersion = 12.4;
					};
				};
			};
			buildConfigurationList = 5019068A25D8913E002D55F1 /* Build configuration list for PBXProject "LadyBug" */;
			compatibilityVersion = "Xcode 9.3";
			developmentRegion = en;
			hasScannedForEncodings = 0;
			knownRegions = (
				en,
				Base,
				ar,
			);
			mainGroup = 5019068625D8913E002D55F1;
			productRefGroup = 5019069025D8913E002D55F1 /* Products */;
			projectDirPath = "";
			projectRoot = "";
			targets = (
				5019068E25D8913E002D55F1 /* LadyBug */,
			);
		};
/* End PBXProject section */

/* Begin PBXResourcesBuildPhase section */
		5019068D25D8913E002D55F1 /* Resources */ = {
			isa = PBXResourcesBuildPhase;
			buildActionMask = 2147483647;
			files = (
				503DFC6C25DB385D0093CAF2 /* HomePostsCell.xib in Resources */,
				503CB5C525E0A15F00B7A393 /* VideosViewController.xib in Resources */,
				503DFC5925DB1F990093CAF2 /* HomeHeaderViewCell.xib in Resources */,
				50A77D3A25D9EEE10054E80D /* TSRotger-Regular.ttf in Resources */,
				50A77D3225D9EA550054E80D /* TabBarViewController.xib in Resources */,
				509643AD25E2EF860000FB60 /* AddPostViewController.xib in Resources */,
				503DFC6525DB34840093CAF2 /* HomeHeaderViewEditCell.xib in Resources */,
				2166B8A625E081C8008FE0A0 /* RegistrationViewController.xib in Resources */,
				2166B89425E081BC008FE0A0 /* LoginViewController.xib in Resources */,
				5099491B25E4642D0085CFBF /* ForgotPasswordViewController.xib in Resources */,
				50A77D3B25D9EEE10054E80D /* TSRotger-Black.ttf in Resources */,
				50A77D3C25D9EEE10054E80D /* TSRotger-Bold.ttf in Resources */,
				5019069F25D89140002D55F1 /* LaunchScreen.storyboard in Resources */,
				50A54C0C25E3FF190052F701 /* InterestedSelectionViewController.xib in Resources */,
				503CB5BB25E07DD900B7A393 /* ProductCell.xib in Resources */,
				50FA84A325DC6325008A9216 /* FarmDetailsView.xib in Resources */,
				50068C7325E48A650097A870 /* MoreMenuCell.xib in Resources */,
				509643C925E2F1C40000FB60 /* AddPostCell.xib in Resources */,
				50068C7425E48A650097A870 /* MoreMenuViewController.xib in Resources */,
				50A77D3925D9EEE10054E80D /* TSRotger-Light.ttf in Resources */,
				503F7A1925DAA69F00EBD730 /* HomeViewController.xib in Resources */,
				50E3014925D8A031008271B6 /* Localizable.strings in Resources */,
				50A54C1425E3FF5C0052F701 /* InterestedSelectionCell.xib in Resources */,
				50FA84AA25DC6414008A9216 /* FarmDetailsCell.xib in Resources */,
				503CB5E525E0A23300B7A393 /* VideosCell.xib in Resources */,
				503CB5A125E07AF700B7A393 /* ProductsViewController.xib in Resources */,
				50D6138025DC206400228385 /* MyFarmWeatherHeaderView.xib in Resources */,
				50D6137625DC1CEC00228385 /* MyFarmViewController.xib in Resources */,
				5019069C25D89140002D55F1 /* Assets.xcassets in Resources */,
				5072D39A25DAD2D8005363CB /* HomeHeaderView.xib in Resources */,
				50FA843325DC49DA008A9216 /* FarmCell.xib in Resources */,
				50A54C1A25E400950052F701 /* InterestedSelectionHeaderView.xib in Resources */,
			);
			runOnlyForDeploymentPostprocessing = 0;
		};
/* End PBXResourcesBuildPhase section */

/* Begin PBXShellScriptBuildPhase section */
		FD22FB7EE768D38E5E87D2D8 /* [CP] Check Pods Manifest.lock */ = {
			isa = PBXShellScriptBuildPhase;
			buildActionMask = 2147483647;
			files = (
			);
			inputFileListPaths = (
			);
			inputPaths = (
				"${PODS_PODFILE_DIR_PATH}/Podfile.lock",
				"${PODS_ROOT}/Manifest.lock",
			);
			name = "[CP] Check Pods Manifest.lock";
			outputFileListPaths = (
			);
			outputPaths = (
				"$(DERIVED_FILE_DIR)/Pods-LadyBug-checkManifestLockResult.txt",
			);
			runOnlyForDeploymentPostprocessing = 0;
			shellPath = /bin/sh;
			shellScript = "diff \"${PODS_PODFILE_DIR_PATH}/Podfile.lock\" \"${PODS_ROOT}/Manifest.lock\" > /dev/null\nif [ $? != 0 ] ; then\n    # print error to STDERR\n    echo \"error: The sandbox is not in sync with the Podfile.lock. Run 'pod install' or update your CocoaPods installation.\" >&2\n    exit 1\nfi\n# This output is used by Xcode 'outputs' to avoid re-running this script phase.\necho \"SUCCESS\" > \"${SCRIPT_OUTPUT_FILE_0}\"\n";
			showEnvVarsInLog = 0;
		};
/* End PBXShellScriptBuildPhase section */

/* Begin PBXSourcesBuildPhase section */
		5019068B25D8913E002D55F1 /* Sources */ = {
			isa = PBXSourcesBuildPhase;
			buildActionMask = 2147483647;
			files = (
				2166B8A825E081C8008FE0A0 /* RegistrationProtocols.swift in Sources */,
				501F740C25DAB59200333F16 /* UIViewController+Keyboard.swift in Sources */,
				501F73FF25DAB54300333F16 /* UIView+RoundCorners.swift in Sources */,
				503CB5AF25E07BCB00B7A393 /* ProductsPresenter.swift in Sources */,
				503F7A2425DAB05000EBD730 /* HomeLocalizer.swift in Sources */,
				503DFC5825DB1F990093CAF2 /* HomeHeaderViewCell.swift in Sources */,
				501F740225DAB54300333F16 /* UIView+IBInspectable.swift in Sources */,
				2166B89625E081BC008FE0A0 /* Protocols.swift in Sources */,
				501F73FD25DAB54300333F16 /* UIView+Gradient.swift in Sources */,
				21A5A13525DB2D8A001A2F64 /* MyFarmLocalizer.swift in Sources */,
				50E3015C25D8A33E008271B6 /* Language.swift in Sources */,
				2166B8A525E081C8008FE0A0 /* Registration Presenter.swift in Sources */,
				501F740B25DAB59200333F16 /* UIViewController+Present.swift in Sources */,
				503CB5B325E07BE100B7A393 /* ProductsProtocols.swift in Sources */,
				503CB5E425E0A23300B7A393 /* VideosCell.swift in Sources */,
				5099491A25E4642D0085CFBF /* ForgotPasswordViewController.swift in Sources */,
				509643B525E2F0990000FB60 /* AddPostProtocols.swift in Sources */,
				50D6136D25DC198900228385 /* CommonImages.swift in Sources */,
				503CB5AA25E07BA300B7A393 /* ProductsImages.swift in Sources */,
				50068C6F25E48A650097A870 /* MoreMenuPresenter.swift in Sources */,
				50D6137525DC1CEC00228385 /* MyFarmViewController.swift in Sources */,
				509643CE25E2F6A20000FB60 /* AddPostUIModel.swift in Sources */,
				5019069325D8913E002D55F1 /* AppDelegate.swift in Sources */,
				50A54C1325E3FF5C0052F701 /* InterestedSelectionCell.swift in Sources */,
				5072D39E25DAD485005363CB /* HomePresenter.swift in Sources */,
				50A54C1925E400950052F701 /* InterestedSelectionHeaderView.swift in Sources */,
				50068C7125E48A650097A870 /* MoreMenuUIModel.swift in Sources */,
				2166B8A725E081C8008FE0A0 /* RegistrationViewController.swift in Sources */,
				50FA842325DC466D008A9216 /* MyFarmProtocols.swift in Sources */,
				50E3015B25D8A33E008271B6 /* LocalizerService.swift in Sources */,
				501F741225DAB5DB00333F16 /* UILabel+LineSpacing.swift in Sources */,
				50A77D4025D9F2640054E80D /* TabBarLoclizer.swift in Sources */,
				5072D3A225DAD4B7005363CB /* HomeProtocols.swift in Sources */,
				509643AC25E2EF860000FB60 /* AddPostViewController.swift in Sources */,
				503DFC5E25DB2D5B0093CAF2 /* HeaderViewUIModel.swift in Sources */,
				503DFC6B25DB385D0093CAF2 /* HomePostsCell.swift in Sources */,
				5099491725E4642D0085CFBF /* ForgotImages.swift in Sources */,
				5090FBEC25E44CDE008D5B06 /* InterestedSelectionProtocols.swift in Sources */,
				509643C825E2F1C40000FB60 /* AddPostCell.swift in Sources */,
				2166B89225E081BC008FE0A0 /* LoginLoclizer.swift in Sources */,
				2166B89525E081BC008FE0A0 /* LoginViewController.swift in Sources */,
				503CB5CA25E0A18100B7A393 /* VideosPresenter.swift in Sources */,
				50A77D3125D9EA550054E80D /* TabBarViewController.swift in Sources */,
				503F7A1F25DAAFD400EBD730 /* HomeImages.swift in Sources */,
				503CB5BA25E07DD900B7A393 /* ProductCell.swift in Sources */,
				509643DD25E303180000FB60 /* ToolbarPickerView.swift in Sources */,
				503CB5A625E07B8100B7A393 /* ProductsLocalizer.swift in Sources */,
				50D6137A25DC1D2700228385 /* MyFarmImages.swift in Sources */,
				50068C7025E48A650097A870 /* MoreMenuModel.swift in Sources */,
				5090FBF625E44D4C008D5B06 /* InterestedSelectionLocalizer.swift in Sources */,
				503DFC6425DB34840093CAF2 /* HomeHeaderViewEditCell.swift in Sources */,
				501F73FE25DAB54300333F16 /* UIView+FromNib.swift in Sources */,
				50A54C0D25E3FF190052F701 /* InterestedSelectionViewController.swift in Sources */,
				503CB5A025E07AF700B7A393 /* ProductsViewController.swift in Sources */,
				50A77D4525D9F2A10054E80D /* String.swift in Sources */,
				503CB5CF25E0A19800B7A393 /* VideosProtocols.swift in Sources */,
				5072D39925DAD2D8005363CB /* HomeHeaderView.swift in Sources */,
				50068C7225E48A650097A870 /* MoreMenuCell.swift in Sources */,
				503CB5DA25E0A1C400B7A393 /* VideosLocalizer.swift in Sources */,
				50068C6E25E48A650097A870 /* MoreMenuLocalizer.swift in Sources */,
				509643BA25E2F1260000FB60 /* AddPostImages.swift in Sources */,
				2166B8A425E081C8008FE0A0 /* RegistrationLocalizer.swift in Sources */,
				501F740D25DAB59200333F16 /* UIViewController+Alert.swift in Sources */,
				503F7A1825DAA69F00EBD730 /* HomeViewController.swift in Sources */,
				50FA843225DC49DA008A9216 /* FarmCell.swift in Sources */,
				509643B125E2F0710000FB60 /* AddPostPresenter.swift in Sources */,
				50FA84A225DC6325008A9216 /* FarmDetailsView.swift in Sources */,
				5099491925E4642D0085CFBF /* ForgotPresenter.swift in Sources */,
				509643BE25E2F1420000FB60 /* AddPostLocalizer.swift in Sources */,
				503CB5D425E0A1B200B7A393 /* VideosImages.swift in Sources */,
				501F740025DAB54300333F16 /* UIView+InterfaceLayoutDirection.swift in Sources */,
				50E3015D25D8A33E008271B6 /* LanguageManager.swift in Sources */,
				50068C6D25E48A650097A870 /* MoreMenuImages.swift in Sources */,
				50FA849C25DC60EC008A9216 /* DynamicHeightCollectionView.swift in Sources */,
				5099491C25E4642D0085CFBF /* ForgotProtocols.swift in Sources */,
				50068C7625E48A650097A870 /* MoreMenuProtocols.swift in Sources */,
				50E6652225E40CDE00D48EA8 /* InterestedSelectionPresenter.swift in Sources */,
				50F0F35C25DA04F400F0517E /* UIFont.swift in Sources */,
				2166B89325E081BC008FE0A0 /* loginPresenter.swift in Sources */,
				501F740125DAB54300333F16 /* UIView+Shadow.swift in Sources */,
				50D6137F25DC206400228385 /* MyFarmWeatherHeaderView.swift in Sources */,
				501F73F225DAB4CA00333F16 /* UserDefaults.swift in Sources */,
				503CB5C425E0A15F00B7A393 /* VideosViewController.swift in Sources */,
				2166B89125E081BC008FE0A0 /* LoginImages.swift in Sources */,
				5099491825E4642D0085CFBF /* ForgotLocalizer.swift in Sources */,
				50FA84A925DC6414008A9216 /* FarmDetailsCell.swift in Sources */,
				50D6136825DC195100228385 /* CommonLocalizer.swift in Sources */,
				5090FBFB25E4515E008D5B06 /* InterestedSelectionUIModel.swift in Sources */,
				5090FBF125E44D39008D5B06 /* InterestedSelectionImages.swift in Sources */,
				50F0F30B25D9FA5E00F0517E /* UIColors.swift in Sources */,
				50FA841F25DC4636008A9216 /* MyFarmPresenter.swift in Sources */,
				50068C7525E48A650097A870 /* MoreMenuViewController.swift in Sources */,
			);
			runOnlyForDeploymentPostprocessing = 0;
		};
/* End PBXSourcesBuildPhase section */

/* Begin PBXVariantGroup section */
		5019069D25D89140002D55F1 /* LaunchScreen.storyboard */ = {
			isa = PBXVariantGroup;
			children = (
				5019069E25D89140002D55F1 /* Base */,
			);
			name = LaunchScreen.storyboard;
			sourceTree = "<group>";
		};
		50E3014B25D8A031008271B6 /* Localizable.strings */ = {
			isa = PBXVariantGroup;
			children = (
				50E3014A25D8A031008271B6 /* en */,
				50E3014D25D8A035008271B6 /* ar */,
			);
			name = Localizable.strings;
			sourceTree = "<group>";
		};
/* End PBXVariantGroup section */

/* Begin XCBuildConfiguration section */
		501906A125D89140002D55F1 /* Debug */ = {
			isa = XCBuildConfiguration;
			buildSettings = {
				ALWAYS_SEARCH_USER_PATHS = NO;
				CLANG_ANALYZER_LOCALIZABILITY_NONLOCALIZED = YES;
				CLANG_ANALYZER_NONNULL = YES;
				CLANG_ANALYZER_NUMBER_OBJECT_CONVERSION = YES_AGGRESSIVE;
				CLANG_CXX_LANGUAGE_STANDARD = "gnu++14";
				CLANG_CXX_LIBRARY = "libc++";
				CLANG_ENABLE_MODULES = YES;
				CLANG_ENABLE_OBJC_ARC = YES;
				CLANG_ENABLE_OBJC_WEAK = YES;
				CLANG_WARN_BLOCK_CAPTURE_AUTORELEASING = YES;
				CLANG_WARN_BOOL_CONVERSION = YES;
				CLANG_WARN_COMMA = YES;
				CLANG_WARN_CONSTANT_CONVERSION = YES;
				CLANG_WARN_DEPRECATED_OBJC_IMPLEMENTATIONS = YES;
				CLANG_WARN_DIRECT_OBJC_ISA_USAGE = YES_ERROR;
				CLANG_WARN_DOCUMENTATION_COMMENTS = YES;
				CLANG_WARN_EMPTY_BODY = YES;
				CLANG_WARN_ENUM_CONVERSION = YES;
				CLANG_WARN_INFINITE_RECURSION = YES;
				CLANG_WARN_INT_CONVERSION = YES;
				CLANG_WARN_NON_LITERAL_NULL_CONVERSION = YES;
				CLANG_WARN_OBJC_IMPLICIT_RETAIN_SELF = YES;
				CLANG_WARN_OBJC_LITERAL_CONVERSION = YES;
				CLANG_WARN_OBJC_ROOT_CLASS = YES_ERROR;
				CLANG_WARN_QUOTED_INCLUDE_IN_FRAMEWORK_HEADER = YES;
				CLANG_WARN_RANGE_LOOP_ANALYSIS = YES;
				CLANG_WARN_STRICT_PROTOTYPES = YES;
				CLANG_WARN_SUSPICIOUS_MOVE = YES;
				CLANG_WARN_UNGUARDED_AVAILABILITY = YES_AGGRESSIVE;
				CLANG_WARN_UNREACHABLE_CODE = YES;
				CLANG_WARN__DUPLICATE_METHOD_MATCH = YES;
				COPY_PHASE_STRIP = NO;
				DEBUG_INFORMATION_FORMAT = dwarf;
				ENABLE_STRICT_OBJC_MSGSEND = YES;
				ENABLE_TESTABILITY = YES;
				GCC_C_LANGUAGE_STANDARD = gnu11;
				GCC_DYNAMIC_NO_PIC = NO;
				GCC_NO_COMMON_BLOCKS = YES;
				GCC_OPTIMIZATION_LEVEL = 0;
				GCC_PREPROCESSOR_DEFINITIONS = (
					"DEBUG=1",
					"$(inherited)",
				);
				GCC_WARN_64_TO_32_BIT_CONVERSION = YES;
				GCC_WARN_ABOUT_RETURN_TYPE = YES_ERROR;
				GCC_WARN_UNDECLARED_SELECTOR = YES;
				GCC_WARN_UNINITIALIZED_AUTOS = YES_AGGRESSIVE;
				GCC_WARN_UNUSED_FUNCTION = YES;
				GCC_WARN_UNUSED_VARIABLE = YES;
				IPHONEOS_DEPLOYMENT_TARGET = 14.4;
				MTL_ENABLE_DEBUG_INFO = INCLUDE_SOURCE;
				MTL_FAST_MATH = YES;
				ONLY_ACTIVE_ARCH = YES;
				SDKROOT = iphoneos;
				SWIFT_ACTIVE_COMPILATION_CONDITIONS = DEBUG;
				SWIFT_OPTIMIZATION_LEVEL = "-Onone";
			};
			name = Debug;
		};
		501906A225D89140002D55F1 /* Release */ = {
			isa = XCBuildConfiguration;
			buildSettings = {
				ALWAYS_SEARCH_USER_PATHS = NO;
				CLANG_ANALYZER_LOCALIZABILITY_NONLOCALIZED = YES;
				CLANG_ANALYZER_NONNULL = YES;
				CLANG_ANALYZER_NUMBER_OBJECT_CONVERSION = YES_AGGRESSIVE;
				CLANG_CXX_LANGUAGE_STANDARD = "gnu++14";
				CLANG_CXX_LIBRARY = "libc++";
				CLANG_ENABLE_MODULES = YES;
				CLANG_ENABLE_OBJC_ARC = YES;
				CLANG_ENABLE_OBJC_WEAK = YES;
				CLANG_WARN_BLOCK_CAPTURE_AUTORELEASING = YES;
				CLANG_WARN_BOOL_CONVERSION = YES;
				CLANG_WARN_COMMA = YES;
				CLANG_WARN_CONSTANT_CONVERSION = YES;
				CLANG_WARN_DEPRECATED_OBJC_IMPLEMENTATIONS = YES;
				CLANG_WARN_DIRECT_OBJC_ISA_USAGE = YES_ERROR;
				CLANG_WARN_DOCUMENTATION_COMMENTS = YES;
				CLANG_WARN_EMPTY_BODY = YES;
				CLANG_WARN_ENUM_CONVERSION = YES;
				CLANG_WARN_INFINITE_RECURSION = YES;
				CLANG_WARN_INT_CONVERSION = YES;
				CLANG_WARN_NON_LITERAL_NULL_CONVERSION = YES;
				CLANG_WARN_OBJC_IMPLICIT_RETAIN_SELF = YES;
				CLANG_WARN_OBJC_LITERAL_CONVERSION = YES;
				CLANG_WARN_OBJC_ROOT_CLASS = YES_ERROR;
				CLANG_WARN_QUOTED_INCLUDE_IN_FRAMEWORK_HEADER = YES;
				CLANG_WARN_RANGE_LOOP_ANALYSIS = YES;
				CLANG_WARN_STRICT_PROTOTYPES = YES;
				CLANG_WARN_SUSPICIOUS_MOVE = YES;
				CLANG_WARN_UNGUARDED_AVAILABILITY = YES_AGGRESSIVE;
				CLANG_WARN_UNREACHABLE_CODE = YES;
				CLANG_WARN__DUPLICATE_METHOD_MATCH = YES;
				COPY_PHASE_STRIP = NO;
				DEBUG_INFORMATION_FORMAT = "dwarf-with-dsym";
				ENABLE_NS_ASSERTIONS = NO;
				ENABLE_STRICT_OBJC_MSGSEND = YES;
				GCC_C_LANGUAGE_STANDARD = gnu11;
				GCC_NO_COMMON_BLOCKS = YES;
				GCC_WARN_64_TO_32_BIT_CONVERSION = YES;
				GCC_WARN_ABOUT_RETURN_TYPE = YES_ERROR;
				GCC_WARN_UNDECLARED_SELECTOR = YES;
				GCC_WARN_UNINITIALIZED_AUTOS = YES_AGGRESSIVE;
				GCC_WARN_UNUSED_FUNCTION = YES;
				GCC_WARN_UNUSED_VARIABLE = YES;
				IPHONEOS_DEPLOYMENT_TARGET = 14.4;
				MTL_ENABLE_DEBUG_INFO = NO;
				MTL_FAST_MATH = YES;
				SDKROOT = iphoneos;
				SWIFT_COMPILATION_MODE = wholemodule;
				SWIFT_OPTIMIZATION_LEVEL = "-O";
				VALIDATE_PRODUCT = YES;
			};
			name = Release;
		};
		501906A425D89140002D55F1 /* Debug */ = {
			isa = XCBuildConfiguration;
			baseConfigurationReference = 18D5F9EFE1E8196E8B75D545 /* Pods-LadyBug.debug.xcconfig */;
			buildSettings = {
				ASSETCATALOG_COMPILER_APPICON_NAME = AppIcon;
				ASSETCATALOG_COMPILER_GLOBAL_ACCENT_COLOR_NAME = AccentColor;
				CODE_SIGN_STYLE = Automatic;
				INFOPLIST_FILE = LadyBug/Configurations/Plist/Info.plist;
				IPHONEOS_DEPLOYMENT_TARGET = 12.1;
				LD_RUNPATH_SEARCH_PATHS = (
					"$(inherited)",
					"@executable_path/Frameworks",
				);
				PRODUCT_BUNDLE_IDENTIFIER = ladybug.LadyBug;
				PRODUCT_NAME = "$(TARGET_NAME)";
				SWIFT_VERSION = 5.0;
				TARGETED_DEVICE_FAMILY = "1,2";
			};
			name = Debug;
		};
		501906A525D89140002D55F1 /* Release */ = {
			isa = XCBuildConfiguration;
			baseConfigurationReference = F24B7BEE370B48BED12C3B59 /* Pods-LadyBug.release.xcconfig */;
			buildSettings = {
				ASSETCATALOG_COMPILER_APPICON_NAME = AppIcon;
				ASSETCATALOG_COMPILER_GLOBAL_ACCENT_COLOR_NAME = AccentColor;
				CODE_SIGN_STYLE = Automatic;
				INFOPLIST_FILE = LadyBug/Configurations/Plist/Info.plist;
				IPHONEOS_DEPLOYMENT_TARGET = 12.1;
				LD_RUNPATH_SEARCH_PATHS = (
					"$(inherited)",
					"@executable_path/Frameworks",
				);
				PRODUCT_BUNDLE_IDENTIFIER = ladybug.LadyBug;
				PRODUCT_NAME = "$(TARGET_NAME)";
				SWIFT_VERSION = 5.0;
				TARGETED_DEVICE_FAMILY = "1,2";
			};
			name = Release;
		};
/* End XCBuildConfiguration section */

/* Begin XCConfigurationList section */
		5019068A25D8913E002D55F1 /* Build configuration list for PBXProject "LadyBug" */ = {
			isa = XCConfigurationList;
			buildConfigurations = (
				501906A125D89140002D55F1 /* Debug */,
				501906A225D89140002D55F1 /* Release */,
			);
			defaultConfigurationIsVisible = 0;
			defaultConfigurationName = Release;
		};
		501906A325D89140002D55F1 /* Build configuration list for PBXNativeTarget "LadyBug" */ = {
			isa = XCConfigurationList;
			buildConfigurations = (
				501906A425D89140002D55F1 /* Debug */,
				501906A525D89140002D55F1 /* Release */,
			);
			defaultConfigurationIsVisible = 0;
			defaultConfigurationName = Release;
		};
/* End XCConfigurationList section */
	};
	rootObject = 5019068725D8913E002D55F1 /* Project object */;
}
